
Microsoft Visual Studio Solution File, Format Version 12.00
# Visual Studio Version 17
VisualStudioVersion = 17.3.32819.101
MinimumVisualStudioVersion = 10.0.40219.1
Project("{FAE04EC0-301F-11D3-BF4B-00C04F79EFBC}") = "ComboBoxUGSample.Server", "Server\ComboBoxUGSample.Server.csproj", "{C814C7E4-B6DD-4B1F-9EF4-AA5F3BC6D04F}"
EndProject
Project("{FAE04EC0-301F-11D3-BF4B-00C04F79EFBC}") = "ComboBoxUGSample.Client", "Client\ComboBoxUGSample.Client.csproj", "{C458ED88-8ABA-4AB6-B6C8-F55A07CAC801}"
EndProject
Project("{FAE04EC0-301F-11D3-BF4B-00C04F79EFBC}") = "ComboBoxUGSample.Shared", "Shared\ComboBoxUGSample.Shared.csproj", "{539755E3-4981-48BD-A5D5-84E408825225}"
EndProject
Global
	GlobalSection(SolutionConfigurationPlatforms) = preSolution
		Debug|Any CPU = Debug|Any CPU
		Release|Any CPU = Release|Any CPU
	EndGlobalSection
	GlobalSection(ProjectConfigurationPlatforms) = postSolution
		{C814C7E4-B6DD-4B1F-9EF4-AA5F3BC6D04F}.Debug|Any CPU.ActiveCfg = Debug|Any CPU
		{C814C7E4-B6DD-4B1F-9EF4-AA5F3BC6D04F}.Debug|Any CPU.Build.0 = Debug|Any CPU
		{C814C7E4-B6DD-4B1F-9EF4-AA5F3BC6D04F}.Release|Any CPU.ActiveCfg = Release|Any CPU
		{C814C7E4-B6DD-4B1F-9EF4-AA5F3BC6D04F}.Release|Any CPU.Build.0 = Release|Any CPU
		{C458ED88-8ABA-4AB6-B6C8-F55A07CAC801}.Debug|Any CPU.ActiveCfg = Debug|Any CPU
		{C458ED88-8ABA-4AB6-B6C8-F55A07CAC801}.Debug|Any CPU.Build.0 = Debug|Any CPU
		{C458ED88-8ABA-4AB6-B6C8-F55A07CAC801}.Release|Any CPU.ActiveCfg = Release|Any CPU
		{C458ED88-8ABA-4AB6-B6C8-F55A07CAC801}.Release|Any CPU.Build.0 = Release|Any CPU
		{539755E3-4981-48BD-A5D5-84E408825225}.Debug|Any CPU.ActiveCfg = Debug|Any CPU
		{539755E3-4981-48BD-A5D5-84E408825225}.Debug|Any CPU.Build.0 = Debug|Any CPU
		{539755E3-4981-48BD-A5D5-84E408825225}.Release|Any CPU.ActiveCfg = Release|Any CPU
		{539755E3-4981-48BD-A5D5-84E408825225}.Release|Any CPU.Build.0 = Release|Any CPU
	EndGlobalSection
	GlobalSection(SolutionProperties) = preSolution
		HideSolutionNode = FALSE
	EndGlobalSection
	GlobalSection(ExtensibilityGlobals) = postSolution
		SolutionGuid = {F7835B01-FB9C-40F1-95FE-D32C887DF09C}
	EndGlobalSection
EndGlobal
