
Microsoft Visual Studio Solution File, Format Version 12.00
# Visual Studio Version 17
VisualStudioVersion = 17.14.36705.20 d17.14
MinimumVisualStudioVersion = 10.0.40219.1
Project("{FAE04EC0-301F-11D3-BF4B-00C04F79EFBC}") = "DateTimePicker_WasmApp", "DateTimePicker_WasmApp\DateTimePicker_WasmApp.csproj", "{C376B7BD-A251-477B-9532-F172F2883045}"
EndProject
Project("{FAE04EC0-301F-11D3-BF4B-00C04F79EFBC}") = "DateTimePicker_WasmApp.Client", "DateTimePicker_WasmApp.Client\DateTimePicker_WasmApp.Client.csproj", "{405B22E2-97BB-4C3F-8820-BC78298EDEFF}"
EndProject
Global
	GlobalSection(SolutionConfigurationPlatforms) = preSolution
		Debug|Any CPU = Debug|Any CPU
		Release|Any CPU = Release|Any CPU
	EndGlobalSection
	GlobalSection(ProjectConfigurationPlatforms) = postSolution
		{C376B7BD-A251-477B-9532-F172F2883045}.Debug|Any CPU.ActiveCfg = Debug|Any CPU
		{C376B7BD-A251-477B-9532-F172F2883045}.Debug|Any CPU.Build.0 = Debug|Any CPU
		{C376B7BD-A251-477B-9532-F172F2883045}.Release|Any CPU.ActiveCfg = Release|Any CPU
		{C376B7BD-A251-477B-9532-F172F2883045}.Release|Any CPU.Build.0 = Release|Any CPU
		{405B22E2-97BB-4C3F-8820-BC78298EDEFF}.Debug|Any CPU.ActiveCfg = Debug|Any CPU
		{405B22E2-97BB-4C3F-8820-BC78298EDEFF}.Debug|Any CPU.Build.0 = Debug|Any CPU
		{405B22E2-97BB-4C3F-8820-BC78298EDEFF}.Release|Any CPU.ActiveCfg = Release|Any CPU
		{405B22E2-97BB-4C3F-8820-BC78298EDEFF}.Release|Any CPU.Build.0 = Release|Any CPU
	EndGlobalSection
	GlobalSection(SolutionProperties) = preSolution
		HideSolutionNode = FALSE
	EndGlobalSection
	GlobalSection(ExtensibilityGlobals) = postSolution
		SolutionGuid = {BA5A84DB-991B-44EF-80C9-01D83EF74DD5}
	EndGlobalSection
EndGlobal
