
Microsoft Visual Studio Solution File, Format Version 12.00
# Visual Studio Version 17
VisualStudioVersion = 17.3.32819.101
MinimumVisualStudioVersion = 10.0.40219.1
Project("{9A19103F-16F7-4668-BE54-9A1E7A4F7556}") = "KanbanUGSample.Server", "Server\KanbanUGSample.Server.csproj", "{609862CC-3C9A-4732-98CE-E611024D2FAA}"
EndProject
Project("{9A19103F-16F7-4668-BE54-9A1E7A4F7556}") = "KanbanUGSample.Client", "Client\KanbanUGSample.Client.csproj", "{5E861411-CF72-40CD-ACD9-FF5CD7850BE0}"
EndProject
Project("{9A19103F-16F7-4668-BE54-9A1E7A4F7556}") = "KanbanUGSample.Shared", "Shared\KanbanUGSample.Shared.csproj", "{869509CC-4DDD-44A4-831B-B0B77D54B875}"
EndProject
Global
	GlobalSection(SolutionConfigurationPlatforms) = preSolution
		Debug|Any CPU = Debug|Any CPU
		Release|Any CPU = Release|Any CPU
	EndGlobalSection
	GlobalSection(ProjectConfigurationPlatforms) = postSolution
		{609862CC-3C9A-4732-98CE-E611024D2FAA}.Debug|Any CPU.ActiveCfg = Debug|Any CPU
		{609862CC-3C9A-4732-98CE-E611024D2FAA}.Debug|Any CPU.Build.0 = Debug|Any CPU
		{609862CC-3C9A-4732-98CE-E611024D2FAA}.Release|Any CPU.ActiveCfg = Release|Any CPU
		{609862CC-3C9A-4732-98CE-E611024D2FAA}.Release|Any CPU.Build.0 = Release|Any CPU
		{5E861411-CF72-40CD-ACD9-FF5CD7850BE0}.Debug|Any CPU.ActiveCfg = Debug|Any CPU
		{5E861411-CF72-40CD-ACD9-FF5CD7850BE0}.Debug|Any CPU.Build.0 = Debug|Any CPU
		{5E861411-CF72-40CD-ACD9-FF5CD7850BE0}.Release|Any CPU.ActiveCfg = Release|Any CPU
		{5E861411-CF72-40CD-ACD9-FF5CD7850BE0}.Release|Any CPU.Build.0 = Release|Any CPU
		{869509CC-4DDD-44A4-831B-B0B77D54B875}.Debug|Any CPU.ActiveCfg = Debug|Any CPU
		{869509CC-4DDD-44A4-831B-B0B77D54B875}.Debug|Any CPU.Build.0 = Debug|Any CPU
		{869509CC-4DDD-44A4-831B-B0B77D54B875}.Release|Any CPU.ActiveCfg = Release|Any CPU
		{869509CC-4DDD-44A4-831B-B0B77D54B875}.Release|Any CPU.Build.0 = Release|Any CPU
	EndGlobalSection
	GlobalSection(SolutionProperties) = preSolution
		HideSolutionNode = FALSE
	EndGlobalSection
	GlobalSection(ExtensibilityGlobals) = postSolution
		SolutionGuid = {87B6A111-A3C8-4DC3-BA43-C90E54A5E4DF}
	EndGlobalSection
EndGlobal
