
Microsoft Visual Studio Solution File, Format Version 12.00
# Visual Studio Version 17
VisualStudioVersion = 17.14.36705.20 d17.14
MinimumVisualStudioVersion = 10.0.40219.1
Project("{FAE04EC0-301F-11D3-BF4B-00C04F79EFBC}") = "Dialog_ServerApp", "Dialog_ServerApp.csproj", "{E7D01B88-B720-4278-8DCF-C32E64210EE2}"
EndProject
Global
	GlobalSection(SolutionConfigurationPlatforms) = preSolution
		Debug|Any CPU = Debug|Any CPU
		Release|Any CPU = Release|Any CPU
	EndGlobalSection
	GlobalSection(ProjectConfigurationPlatforms) = postSolution
		{E7D01B88-B720-4278-8DCF-C32E64210EE2}.Debug|Any CPU.ActiveCfg = Debug|Any CPU
		{E7D01B88-B720-4278-8DCF-C32E64210EE2}.Debug|Any CPU.Build.0 = Debug|Any CPU
		{E7D01B88-B720-4278-8DCF-C32E64210EE2}.Release|Any CPU.ActiveCfg = Release|Any CPU
		{E7D01B88-B720-4278-8DCF-C32E64210EE2}.Release|Any CPU.Build.0 = Release|Any CPU
	EndGlobalSection
	GlobalSection(SolutionProperties) = preSolution
		HideSolutionNode = FALSE
	EndGlobalSection
	GlobalSection(ExtensibilityGlobals) = postSolution
		SolutionGuid = {BCD6B49F-4C69-4F12-872F-D2D67E002588}
	EndGlobalSection
EndGlobal
