
Microsoft Visual Studio Solution File, Format Version 12.00
# Visual Studio Version 17
VisualStudioVersion = 17.0.32112.339
MinimumVisualStudioVersion = 10.0.40219.1
Project("{FAE04EC0-301F-11D3-BF4B-00C04F79EFBC}") = "BreadcrumbUGSample.Server", "Server\BreadcrumbUGSample.Server.csproj", "{9084FF00-FD4F-427D-9C2C-137056767145}"
EndProject
Project("{FAE04EC0-301F-11D3-BF4B-00C04F79EFBC}") = "BreadcrumbUGSample.Client", "Client\BreadcrumbUGSample.Client.csproj", "{22C8BBFA-6762-419A-84B2-50E6D002E0C3}"
EndProject
Project("{FAE04EC0-301F-11D3-BF4B-00C04F79EFBC}") = "BreadcrumbUGSample.Shared", "Shared\BreadcrumbUGSample.Shared.csproj", "{3E92863D-1CDF-4910-B9F0-90B2B8BE4755}"
EndProject
Global
	GlobalSection(SolutionConfigurationPlatforms) = preSolution
		Debug|Any CPU = Debug|Any CPU
		Release|Any CPU = Release|Any CPU
	EndGlobalSection
	GlobalSection(ProjectConfigurationPlatforms) = postSolution
		{9084FF00-FD4F-427D-9C2C-137056767145}.Debug|Any CPU.ActiveCfg = Debug|Any CPU
		{9084FF00-FD4F-427D-9C2C-137056767145}.Debug|Any CPU.Build.0 = Debug|Any CPU
		{9084FF00-FD4F-427D-9C2C-137056767145}.Release|Any CPU.ActiveCfg = Release|Any CPU
		{9084FF00-FD4F-427D-9C2C-137056767145}.Release|Any CPU.Build.0 = Release|Any CPU
		{22C8BBFA-6762-419A-84B2-50E6D002E0C3}.Debug|Any CPU.ActiveCfg = Debug|Any CPU
		{22C8BBFA-6762-419A-84B2-50E6D002E0C3}.Debug|Any CPU.Build.0 = Debug|Any CPU
		{22C8BBFA-6762-419A-84B2-50E6D002E0C3}.Release|Any CPU.ActiveCfg = Release|Any CPU
		{22C8BBFA-6762-419A-84B2-50E6D002E0C3}.Release|Any CPU.Build.0 = Release|Any CPU
		{3E92863D-1CDF-4910-B9F0-90B2B8BE4755}.Debug|Any CPU.ActiveCfg = Debug|Any CPU
		{3E92863D-1CDF-4910-B9F0-90B2B8BE4755}.Debug|Any CPU.Build.0 = Debug|Any CPU
		{3E92863D-1CDF-4910-B9F0-90B2B8BE4755}.Release|Any CPU.ActiveCfg = Release|Any CPU
		{3E92863D-1CDF-4910-B9F0-90B2B8BE4755}.Release|Any CPU.Build.0 = Release|Any CPU
	EndGlobalSection
	GlobalSection(SolutionProperties) = preSolution
		HideSolutionNode = FALSE
	EndGlobalSection
	GlobalSection(ExtensibilityGlobals) = postSolution
		SolutionGuid = {BFEF6996-5347-4ACE-A6B8-341F655099DF}
	EndGlobalSection
EndGlobal
