
Microsoft Visual Studio Solution File, Format Version 12.00
# Visual Studio Version 17
VisualStudioVersion = 17.14.36623.8
MinimumVisualStudioVersion = 10.0.40219.1
Project("{FAE04EC0-301F-11D3-BF4B-00C04F79EFBC}") = "Gantt_ServerApp", "Gantt_ServerApp.csproj", "{D9F01A03-B0E8-4BD0-9672-5FE938FD2F17}"
EndProject
Global
	GlobalSection(SolutionConfigurationPlatforms) = preSolution
		Debug|Any CPU = Debug|Any CPU
		Release|Any CPU = Release|Any CPU
	EndGlobalSection
	GlobalSection(ProjectConfigurationPlatforms) = postSolution
		{D9F01A03-B0E8-4BD0-9672-5FE938FD2F17}.Debug|Any CPU.ActiveCfg = Debug|Any CPU
		{D9F01A03-B0E8-4BD0-9672-5FE938FD2F17}.Debug|Any CPU.Build.0 = Debug|Any CPU
		{D9F01A03-B0E8-4BD0-9672-5FE938FD2F17}.Release|Any CPU.ActiveCfg = Release|Any CPU
		{D9F01A03-B0E8-4BD0-9672-5FE938FD2F17}.Release|Any CPU.Build.0 = Release|Any CPU
	EndGlobalSection
	GlobalSection(SolutionProperties) = preSolution
		HideSolutionNode = FALSE
	EndGlobalSection
	GlobalSection(ExtensibilityGlobals) = postSolution
		SolutionGuid = {A105B6C3-B139-4394-94C9-0441E1087163}
	EndGlobalSection
EndGlobal
