
Microsoft Visual Studio Solution File, Format Version 12.00
# Visual Studio Version 17
VisualStudioVersion = 17.14.36705.20 d17.14
MinimumVisualStudioVersion = 10.0.40219.1
Project("{FAE04EC0-301F-11D3-BF4B-00C04F79EFBC}") = "Breadcrumb_WasmApp", "Breadcrumb_WasmApp\Breadcrumb_WasmApp.csproj", "{2397916B-0DBF-4ECE-BC9F-0765332CEBC4}"
EndProject
Project("{FAE04EC0-301F-11D3-BF4B-00C04F79EFBC}") = "Breadcrumb_WasmApp.Client", "Breadcrumb_WasmApp.Client\Breadcrumb_WasmApp.Client.csproj", "{7EC2B55C-CC56-4D2C-B0A6-C49C80FD2115}"
EndProject
Global
	GlobalSection(SolutionConfigurationPlatforms) = preSolution
		Debug|Any CPU = Debug|Any CPU
		Release|Any CPU = Release|Any CPU
	EndGlobalSection
	GlobalSection(ProjectConfigurationPlatforms) = postSolution
		{2397916B-0DBF-4ECE-BC9F-0765332CEBC4}.Debug|Any CPU.ActiveCfg = Debug|Any CPU
		{2397916B-0DBF-4ECE-BC9F-0765332CEBC4}.Debug|Any CPU.Build.0 = Debug|Any CPU
		{2397916B-0DBF-4ECE-BC9F-0765332CEBC4}.Release|Any CPU.ActiveCfg = Release|Any CPU
		{2397916B-0DBF-4ECE-BC9F-0765332CEBC4}.Release|Any CPU.Build.0 = Release|Any CPU
		{7EC2B55C-CC56-4D2C-B0A6-C49C80FD2115}.Debug|Any CPU.ActiveCfg = Debug|Any CPU
		{7EC2B55C-CC56-4D2C-B0A6-C49C80FD2115}.Debug|Any CPU.Build.0 = Debug|Any CPU
		{7EC2B55C-CC56-4D2C-B0A6-C49C80FD2115}.Release|Any CPU.ActiveCfg = Release|Any CPU
		{7EC2B55C-CC56-4D2C-B0A6-C49C80FD2115}.Release|Any CPU.Build.0 = Release|Any CPU
	EndGlobalSection
	GlobalSection(SolutionProperties) = preSolution
		HideSolutionNode = FALSE
	EndGlobalSection
	GlobalSection(ExtensibilityGlobals) = postSolution
		SolutionGuid = {21395097-6F3A-4485-BA14-3A75FFF8F21E}
	EndGlobalSection
EndGlobal
