
Microsoft Visual Studio Solution File, Format Version 12.00
# Visual Studio Version 17
VisualStudioVersion = 17.14.36705.20 d17.14
MinimumVisualStudioVersion = 10.0.40219.1
Project("{FAE04EC0-301F-11D3-BF4B-00C04F79EFBC}") = "ContextMenu_WasmApp", "ContextMenu_WasmApp\ContextMenu_WasmApp.csproj", "{D0F42DB9-4EE2-4269-B8A8-59E6E5CD0B9B}"
EndProject
Project("{FAE04EC0-301F-11D3-BF4B-00C04F79EFBC}") = "ContextMenu_WasmApp.Client", "ContextMenu_WasmApp.Client\ContextMenu_WasmApp.Client.csproj", "{B1E93503-B588-47EA-8BB1-6624FE8B4A85}"
EndProject
Global
	GlobalSection(SolutionConfigurationPlatforms) = preSolution
		Debug|Any CPU = Debug|Any CPU
		Release|Any CPU = Release|Any CPU
	EndGlobalSection
	GlobalSection(ProjectConfigurationPlatforms) = postSolution
		{D0F42DB9-4EE2-4269-B8A8-59E6E5CD0B9B}.Debug|Any CPU.ActiveCfg = Debug|Any CPU
		{D0F42DB9-4EE2-4269-B8A8-59E6E5CD0B9B}.Debug|Any CPU.Build.0 = Debug|Any CPU
		{D0F42DB9-4EE2-4269-B8A8-59E6E5CD0B9B}.Release|Any CPU.ActiveCfg = Release|Any CPU
		{D0F42DB9-4EE2-4269-B8A8-59E6E5CD0B9B}.Release|Any CPU.Build.0 = Release|Any CPU
		{B1E93503-B588-47EA-8BB1-6624FE8B4A85}.Debug|Any CPU.ActiveCfg = Debug|Any CPU
		{B1E93503-B588-47EA-8BB1-6624FE8B4A85}.Debug|Any CPU.Build.0 = Debug|Any CPU
		{B1E93503-B588-47EA-8BB1-6624FE8B4A85}.Release|Any CPU.ActiveCfg = Release|Any CPU
		{B1E93503-B588-47EA-8BB1-6624FE8B4A85}.Release|Any CPU.Build.0 = Release|Any CPU
	EndGlobalSection
	GlobalSection(SolutionProperties) = preSolution
		HideSolutionNode = FALSE
	EndGlobalSection
	GlobalSection(ExtensibilityGlobals) = postSolution
		SolutionGuid = {067EEB65-1525-456F-AAB3-966F84FF5A19}
	EndGlobalSection
EndGlobal
