
Microsoft Visual Studio Solution File, Format Version 12.00
# Visual Studio Version 17
VisualStudioVersion = 17.14.36705.20 d17.14
MinimumVisualStudioVersion = 10.0.40219.1
Project("{FAE04EC0-301F-11D3-BF4B-00C04F79EFBC}") = "SpeechToText_ServerApp", "SpeechToText_ServerApp.csproj", "{A1AB1C34-A3F2-45A4-9420-C24D11DCAD76}"
EndProject
Global
	GlobalSection(SolutionConfigurationPlatforms) = preSolution
		Debug|Any CPU = Debug|Any CPU
		Release|Any CPU = Release|Any CPU
	EndGlobalSection
	GlobalSection(ProjectConfigurationPlatforms) = postSolution
		{A1AB1C34-A3F2-45A4-9420-C24D11DCAD76}.Debug|Any CPU.ActiveCfg = Debug|Any CPU
		{A1AB1C34-A3F2-45A4-9420-C24D11DCAD76}.Debug|Any CPU.Build.0 = Debug|Any CPU
		{A1AB1C34-A3F2-45A4-9420-C24D11DCAD76}.Release|Any CPU.ActiveCfg = Release|Any CPU
		{A1AB1C34-A3F2-45A4-9420-C24D11DCAD76}.Release|Any CPU.Build.0 = Release|Any CPU
	EndGlobalSection
	GlobalSection(SolutionProperties) = preSolution
		HideSolutionNode = FALSE
	EndGlobalSection
	GlobalSection(ExtensibilityGlobals) = postSolution
		SolutionGuid = {8879F530-9771-46BF-AE3C-BFDEF78F9430}
	EndGlobalSection
EndGlobal
