
Microsoft Visual Studio Solution File, Format Version 12.00
# Visual Studio Version 17
VisualStudioVersion = 17.14.36705.20 d17.14
MinimumVisualStudioVersion = 10.0.40219.1
Project("{FAE04EC0-301F-11D3-BF4B-00C04F79EFBC}") = "DashboardLayout_WasmApp", "DashboardLayout_WasmApp\DashboardLayout_WasmApp.csproj", "{1EAAC84B-6DB8-40B4-A6B2-CF4F6C357FD9}"
EndProject
Project("{FAE04EC0-301F-11D3-BF4B-00C04F79EFBC}") = "DashboardLayout_WasmApp.Client", "DashboardLayout_WasmApp.Client\DashboardLayout_WasmApp.Client.csproj", "{B9BA31BB-E6D4-4548-B1D0-7DE19C1D48C7}"
EndProject
Global
	GlobalSection(SolutionConfigurationPlatforms) = preSolution
		Debug|Any CPU = Debug|Any CPU
		Release|Any CPU = Release|Any CPU
	EndGlobalSection
	GlobalSection(ProjectConfigurationPlatforms) = postSolution
		{1EAAC84B-6DB8-40B4-A6B2-CF4F6C357FD9}.Debug|Any CPU.ActiveCfg = Debug|Any CPU
		{1EAAC84B-6DB8-40B4-A6B2-CF4F6C357FD9}.Debug|Any CPU.Build.0 = Debug|Any CPU
		{1EAAC84B-6DB8-40B4-A6B2-CF4F6C357FD9}.Release|Any CPU.ActiveCfg = Release|Any CPU
		{1EAAC84B-6DB8-40B4-A6B2-CF4F6C357FD9}.Release|Any CPU.Build.0 = Release|Any CPU
		{B9BA31BB-E6D4-4548-B1D0-7DE19C1D48C7}.Debug|Any CPU.ActiveCfg = Debug|Any CPU
		{B9BA31BB-E6D4-4548-B1D0-7DE19C1D48C7}.Debug|Any CPU.Build.0 = Debug|Any CPU
		{B9BA31BB-E6D4-4548-B1D0-7DE19C1D48C7}.Release|Any CPU.ActiveCfg = Release|Any CPU
		{B9BA31BB-E6D4-4548-B1D0-7DE19C1D48C7}.Release|Any CPU.Build.0 = Release|Any CPU
	EndGlobalSection
	GlobalSection(SolutionProperties) = preSolution
		HideSolutionNode = FALSE
	EndGlobalSection
	GlobalSection(ExtensibilityGlobals) = postSolution
		SolutionGuid = {114D797E-9FBB-4E0B-9B09-4419BB550F02}
	EndGlobalSection
EndGlobal
