
Microsoft Visual Studio Solution File, Format Version 12.00
# Visual Studio Version 17
VisualStudioVersion = 17.0.32112.339
MinimumVisualStudioVersion = 10.0.40219.1
Project("{9A19103F-16F7-4668-BE54-9A1E7A4F7556}") = "ToolbarUGSample.Server", "Server\ToolbarUGSample.Server.csproj", "{7BCE716B-3FA9-4837-A52B-E25C2D448592}"
EndProject
Project("{9A19103F-16F7-4668-BE54-9A1E7A4F7556}") = "ToolbarUGSample.Client", "Client\ToolbarUGSample.Client.csproj", "{6EBFD376-3BC1-4992-884E-D85452D7E307}"
EndProject
Project("{9A19103F-16F7-4668-BE54-9A1E7A4F7556}") = "ToolbarUGSample.Shared", "Shared\ToolbarUGSample.Shared.csproj", "{369F515D-DAFB-4BE7-84CE-7731FBB32BB5}"
EndProject
Global
	GlobalSection(SolutionConfigurationPlatforms) = preSolution
		Debug|Any CPU = Debug|Any CPU
		Release|Any CPU = Release|Any CPU
	EndGlobalSection
	GlobalSection(ProjectConfigurationPlatforms) = postSolution
		{7BCE716B-3FA9-4837-A52B-E25C2D448592}.Debug|Any CPU.ActiveCfg = Debug|Any CPU
		{7BCE716B-3FA9-4837-A52B-E25C2D448592}.Debug|Any CPU.Build.0 = Debug|Any CPU
		{7BCE716B-3FA9-4837-A52B-E25C2D448592}.Release|Any CPU.ActiveCfg = Release|Any CPU
		{7BCE716B-3FA9-4837-A52B-E25C2D448592}.Release|Any CPU.Build.0 = Release|Any CPU
		{6EBFD376-3BC1-4992-884E-D85452D7E307}.Debug|Any CPU.ActiveCfg = Debug|Any CPU
		{6EBFD376-3BC1-4992-884E-D85452D7E307}.Debug|Any CPU.Build.0 = Debug|Any CPU
		{6EBFD376-3BC1-4992-884E-D85452D7E307}.Release|Any CPU.ActiveCfg = Release|Any CPU
		{6EBFD376-3BC1-4992-884E-D85452D7E307}.Release|Any CPU.Build.0 = Release|Any CPU
		{369F515D-DAFB-4BE7-84CE-7731FBB32BB5}.Debug|Any CPU.ActiveCfg = Debug|Any CPU
		{369F515D-DAFB-4BE7-84CE-7731FBB32BB5}.Debug|Any CPU.Build.0 = Debug|Any CPU
		{369F515D-DAFB-4BE7-84CE-7731FBB32BB5}.Release|Any CPU.ActiveCfg = Release|Any CPU
		{369F515D-DAFB-4BE7-84CE-7731FBB32BB5}.Release|Any CPU.Build.0 = Release|Any CPU
	EndGlobalSection
	GlobalSection(SolutionProperties) = preSolution
		HideSolutionNode = FALSE
	EndGlobalSection
	GlobalSection(ExtensibilityGlobals) = postSolution
		SolutionGuid = {FFE2A7BA-3FA2-4940-803A-3A9D22AE43D6}
	EndGlobalSection
EndGlobal
