
Microsoft Visual Studio Solution File, Format Version 12.00
# Visual Studio Version 18
VisualStudioVersion = 18.0.11217.181 d18.0
MinimumVisualStudioVersion = 10.0.40219.1
Project("{FAE04EC0-301F-11D3-BF4B-00C04F79EFBC}") = "AccordionUGSample_WasmNET8", "AccordionUGSample_WasmNET8\AccordionUGSample_WasmNET8.csproj", "{573611EB-3035-09DE-B49A-E4E418DC093E}"
EndProject
Project("{FAE04EC0-301F-11D3-BF4B-00C04F79EFBC}") = "AccordionUGSample_WasmNET8.Client", "AccordionUGSample_WasmNET8.Client\AccordionUGSample_WasmNET8.Client.csproj", "{6318CA5E-2360-E658-D25F-3056B423381A}"
EndProject
Global
	GlobalSection(SolutionConfigurationPlatforms) = preSolution
		Debug|Any CPU = Debug|Any CPU
		Release|Any CPU = Release|Any CPU
	EndGlobalSection
	GlobalSection(ProjectConfigurationPlatforms) = postSolution
		{573611EB-3035-09DE-B49A-E4E418DC093E}.Debug|Any CPU.ActiveCfg = Debug|Any CPU
		{573611EB-3035-09DE-B49A-E4E418DC093E}.Debug|Any CPU.Build.0 = Debug|Any CPU
		{573611EB-3035-09DE-B49A-E4E418DC093E}.Release|Any CPU.ActiveCfg = Release|Any CPU
		{573611EB-3035-09DE-B49A-E4E418DC093E}.Release|Any CPU.Build.0 = Release|Any CPU
		{6318CA5E-2360-E658-D25F-3056B423381A}.Debug|Any CPU.ActiveCfg = Debug|Any CPU
		{6318CA5E-2360-E658-D25F-3056B423381A}.Debug|Any CPU.Build.0 = Debug|Any CPU
		{6318CA5E-2360-E658-D25F-3056B423381A}.Release|Any CPU.ActiveCfg = Release|Any CPU
		{6318CA5E-2360-E658-D25F-3056B423381A}.Release|Any CPU.Build.0 = Release|Any CPU
	EndGlobalSection
	GlobalSection(SolutionProperties) = preSolution
		HideSolutionNode = FALSE
	EndGlobalSection
	GlobalSection(ExtensibilityGlobals) = postSolution
		SolutionGuid = {2161DDCF-A534-4BC0-8507-D0CE823F7539}
	EndGlobalSection
EndGlobal
