
Microsoft Visual Studio Solution File, Format Version 12.00
# Visual Studio Version 17
VisualStudioVersion = 17.14.36705.20 d17.14
MinimumVisualStudioVersion = 10.0.40219.1
Project("{FAE04EC0-301F-11D3-BF4B-00C04F79EFBC}") = "CircularGauge_ServerApp", "CircularGauge_ServerApp.csproj", "{870AC1D1-1851-4CCA-9056-DA032A1C5B8B}"
EndProject
Global
	GlobalSection(SolutionConfigurationPlatforms) = preSolution
		Debug|Any CPU = Debug|Any CPU
		Release|Any CPU = Release|Any CPU
	EndGlobalSection
	GlobalSection(ProjectConfigurationPlatforms) = postSolution
		{870AC1D1-1851-4CCA-9056-DA032A1C5B8B}.Debug|Any CPU.ActiveCfg = Debug|Any CPU
		{870AC1D1-1851-4CCA-9056-DA032A1C5B8B}.Debug|Any CPU.Build.0 = Debug|Any CPU
		{870AC1D1-1851-4CCA-9056-DA032A1C5B8B}.Release|Any CPU.ActiveCfg = Release|Any CPU
		{870AC1D1-1851-4CCA-9056-DA032A1C5B8B}.Release|Any CPU.Build.0 = Release|Any CPU
	EndGlobalSection
	GlobalSection(SolutionProperties) = preSolution
		HideSolutionNode = FALSE
	EndGlobalSection
	GlobalSection(ExtensibilityGlobals) = postSolution
		SolutionGuid = {0BEEFFDF-9BCE-426B-B05B-64BCBE0D91C2}
	EndGlobalSection
EndGlobal
