
Microsoft Visual Studio Solution File, Format Version 12.00
# Visual Studio Version 17
VisualStudioVersion = 17.8.34316.72
MinimumVisualStudioVersion = 10.0.40219.1
Project("{9A19103F-16F7-4668-BE54-9A1E7A4F7556}") = "ChartUGSample", "ChartUGSample\ChartUGSample.csproj", "{C7460AF7-BEC6-49C3-A86D-C96BE5755AE1}"
EndProject
Project("{9A19103F-16F7-4668-BE54-9A1E7A4F7556}") = "ChartUGSample.Client", "ChartUGSample.Client\ChartUGSample.Client.csproj", "{2EA37AB2-680F-4A3B-8E30-EFCEF071FB61}"
EndProject
Global
	GlobalSection(SolutionConfigurationPlatforms) = preSolution
		Debug|Any CPU = Debug|Any CPU
		Release|Any CPU = Release|Any CPU
	EndGlobalSection
	GlobalSection(ProjectConfigurationPlatforms) = postSolution
		{C7460AF7-BEC6-49C3-A86D-C96BE5755AE1}.Debug|Any CPU.ActiveCfg = Debug|Any CPU
		{C7460AF7-BEC6-49C3-A86D-C96BE5755AE1}.Debug|Any CPU.Build.0 = Debug|Any CPU
		{C7460AF7-BEC6-49C3-A86D-C96BE5755AE1}.Release|Any CPU.ActiveCfg = Release|Any CPU
		{C7460AF7-BEC6-49C3-A86D-C96BE5755AE1}.Release|Any CPU.Build.0 = Release|Any CPU
		{2EA37AB2-680F-4A3B-8E30-EFCEF071FB61}.Debug|Any CPU.ActiveCfg = Debug|Any CPU
		{2EA37AB2-680F-4A3B-8E30-EFCEF071FB61}.Debug|Any CPU.Build.0 = Debug|Any CPU
		{2EA37AB2-680F-4A3B-8E30-EFCEF071FB61}.Release|Any CPU.ActiveCfg = Release|Any CPU
		{2EA37AB2-680F-4A3B-8E30-EFCEF071FB61}.Release|Any CPU.Build.0 = Release|Any CPU
	EndGlobalSection
	GlobalSection(SolutionProperties) = preSolution
		HideSolutionNode = FALSE
	EndGlobalSection
	GlobalSection(ExtensibilityGlobals) = postSolution
		SolutionGuid = {D99C37B6-51AC-4CBA-81D6-162D4C1A66BB}
	EndGlobalSection
EndGlobal
