
Microsoft Visual Studio Solution File, Format Version 12.00
# Visual Studio Version 17
VisualStudioVersion = 17.14.36705.20 d17.14
MinimumVisualStudioVersion = 10.0.40219.1
Project("{FAE04EC0-301F-11D3-BF4B-00C04F79EFBC}") = "Chips_WasmApp", "Chips_WasmApp\Chips_WasmApp.csproj", "{F9F9A098-C5E7-4427-BC6C-79E3C6B283C8}"
EndProject
Project("{FAE04EC0-301F-11D3-BF4B-00C04F79EFBC}") = "Chips_WasmApp.Client", "Chips_WasmApp.Client\Chips_WasmApp.Client.csproj", "{B9413AA3-A645-4B34-9A3F-A180B12359EE}"
EndProject
Global
	GlobalSection(SolutionConfigurationPlatforms) = preSolution
		Debug|Any CPU = Debug|Any CPU
		Release|Any CPU = Release|Any CPU
	EndGlobalSection
	GlobalSection(ProjectConfigurationPlatforms) = postSolution
		{F9F9A098-C5E7-4427-BC6C-79E3C6B283C8}.Debug|Any CPU.ActiveCfg = Debug|Any CPU
		{F9F9A098-C5E7-4427-BC6C-79E3C6B283C8}.Debug|Any CPU.Build.0 = Debug|Any CPU
		{F9F9A098-C5E7-4427-BC6C-79E3C6B283C8}.Release|Any CPU.ActiveCfg = Release|Any CPU
		{F9F9A098-C5E7-4427-BC6C-79E3C6B283C8}.Release|Any CPU.Build.0 = Release|Any CPU
		{B9413AA3-A645-4B34-9A3F-A180B12359EE}.Debug|Any CPU.ActiveCfg = Debug|Any CPU
		{B9413AA3-A645-4B34-9A3F-A180B12359EE}.Debug|Any CPU.Build.0 = Debug|Any CPU
		{B9413AA3-A645-4B34-9A3F-A180B12359EE}.Release|Any CPU.ActiveCfg = Release|Any CPU
		{B9413AA3-A645-4B34-9A3F-A180B12359EE}.Release|Any CPU.Build.0 = Release|Any CPU
	EndGlobalSection
	GlobalSection(SolutionProperties) = preSolution
		HideSolutionNode = FALSE
	EndGlobalSection
	GlobalSection(ExtensibilityGlobals) = postSolution
		SolutionGuid = {CDC3A873-CBE8-49D3-8AC6-E52C34C07C2A}
	EndGlobalSection
EndGlobal
