
Microsoft Visual Studio Solution File, Format Version 12.00
# Visual Studio Version 17
VisualStudioVersion = 17.3.32819.101
MinimumVisualStudioVersion = 10.0.40219.1
Project("{9A19103F-16F7-4668-BE54-9A1E7A4F7556}") = "CircularGaugeUGSample.Server", "Server\CircularGaugeUGSample.Server.csproj", "{FC1C6824-EAE5-443D-89BD-36FB4724EF1E}"
EndProject
Project("{9A19103F-16F7-4668-BE54-9A1E7A4F7556}") = "CircularGaugeUGSample.Client", "Client\CircularGaugeUGSample.Client.csproj", "{2394518B-652F-467B-B32E-D0703563C0CE}"
EndProject
Project("{9A19103F-16F7-4668-BE54-9A1E7A4F7556}") = "CircularGaugeUGSample.Shared", "Shared\CircularGaugeUGSample.Shared.csproj", "{3013130B-A6FD-4F9C-B201-DC09B406F373}"
EndProject
Global
	GlobalSection(SolutionConfigurationPlatforms) = preSolution
		Debug|Any CPU = Debug|Any CPU
		Release|Any CPU = Release|Any CPU
	EndGlobalSection
	GlobalSection(ProjectConfigurationPlatforms) = postSolution
		{FC1C6824-EAE5-443D-89BD-36FB4724EF1E}.Debug|Any CPU.ActiveCfg = Debug|Any CPU
		{FC1C6824-EAE5-443D-89BD-36FB4724EF1E}.Debug|Any CPU.Build.0 = Debug|Any CPU
		{FC1C6824-EAE5-443D-89BD-36FB4724EF1E}.Release|Any CPU.ActiveCfg = Release|Any CPU
		{FC1C6824-EAE5-443D-89BD-36FB4724EF1E}.Release|Any CPU.Build.0 = Release|Any CPU
		{2394518B-652F-467B-B32E-D0703563C0CE}.Debug|Any CPU.ActiveCfg = Debug|Any CPU
		{2394518B-652F-467B-B32E-D0703563C0CE}.Debug|Any CPU.Build.0 = Debug|Any CPU
		{2394518B-652F-467B-B32E-D0703563C0CE}.Release|Any CPU.ActiveCfg = Release|Any CPU
		{2394518B-652F-467B-B32E-D0703563C0CE}.Release|Any CPU.Build.0 = Release|Any CPU
		{3013130B-A6FD-4F9C-B201-DC09B406F373}.Debug|Any CPU.ActiveCfg = Debug|Any CPU
		{3013130B-A6FD-4F9C-B201-DC09B406F373}.Debug|Any CPU.Build.0 = Debug|Any CPU
		{3013130B-A6FD-4F9C-B201-DC09B406F373}.Release|Any CPU.ActiveCfg = Release|Any CPU
		{3013130B-A6FD-4F9C-B201-DC09B406F373}.Release|Any CPU.Build.0 = Release|Any CPU
	EndGlobalSection
	GlobalSection(SolutionProperties) = preSolution
		HideSolutionNode = FALSE
	EndGlobalSection
	GlobalSection(ExtensibilityGlobals) = postSolution
		SolutionGuid = {5EC08EE7-18E7-4D00-96EF-50E7C969A9C0}
	EndGlobalSection
EndGlobal
