
Microsoft Visual Studio Solution File, Format Version 12.00
# Visual Studio Version 17
VisualStudioVersion = 17.3.32819.101
MinimumVisualStudioVersion = 10.0.40219.1
Project("{9A19103F-16F7-4668-BE54-9A1E7A4F7556}") = "LinearGaugeUGSample.Server", "Server\LinearGaugeUGSample.Server.csproj", "{3D2475AA-D44F-4AAF-80A4-AC20DF65CAA4}"
EndProject
Project("{9A19103F-16F7-4668-BE54-9A1E7A4F7556}") = "LinearGaugeUGSample.Client", "Client\LinearGaugeUGSample.Client.csproj", "{A1154EB6-1F29-4740-9766-637DF31DC8C3}"
EndProject
Project("{9A19103F-16F7-4668-BE54-9A1E7A4F7556}") = "LinearGaugeUGSample.Shared", "Shared\LinearGaugeUGSample.Shared.csproj", "{5BB38445-D411-43B6-917A-3882B1E4FA8D}"
EndProject
Global
	GlobalSection(SolutionConfigurationPlatforms) = preSolution
		Debug|Any CPU = Debug|Any CPU
		Release|Any CPU = Release|Any CPU
	EndGlobalSection
	GlobalSection(ProjectConfigurationPlatforms) = postSolution
		{3D2475AA-D44F-4AAF-80A4-AC20DF65CAA4}.Debug|Any CPU.ActiveCfg = Debug|Any CPU
		{3D2475AA-D44F-4AAF-80A4-AC20DF65CAA4}.Debug|Any CPU.Build.0 = Debug|Any CPU
		{3D2475AA-D44F-4AAF-80A4-AC20DF65CAA4}.Release|Any CPU.ActiveCfg = Release|Any CPU
		{3D2475AA-D44F-4AAF-80A4-AC20DF65CAA4}.Release|Any CPU.Build.0 = Release|Any CPU
		{A1154EB6-1F29-4740-9766-637DF31DC8C3}.Debug|Any CPU.ActiveCfg = Debug|Any CPU
		{A1154EB6-1F29-4740-9766-637DF31DC8C3}.Debug|Any CPU.Build.0 = Debug|Any CPU
		{A1154EB6-1F29-4740-9766-637DF31DC8C3}.Release|Any CPU.ActiveCfg = Release|Any CPU
		{A1154EB6-1F29-4740-9766-637DF31DC8C3}.Release|Any CPU.Build.0 = Release|Any CPU
		{5BB38445-D411-43B6-917A-3882B1E4FA8D}.Debug|Any CPU.ActiveCfg = Debug|Any CPU
		{5BB38445-D411-43B6-917A-3882B1E4FA8D}.Debug|Any CPU.Build.0 = Debug|Any CPU
		{5BB38445-D411-43B6-917A-3882B1E4FA8D}.Release|Any CPU.ActiveCfg = Release|Any CPU
		{5BB38445-D411-43B6-917A-3882B1E4FA8D}.Release|Any CPU.Build.0 = Release|Any CPU
	EndGlobalSection
	GlobalSection(SolutionProperties) = preSolution
		HideSolutionNode = FALSE
	EndGlobalSection
	GlobalSection(ExtensibilityGlobals) = postSolution
		SolutionGuid = {E8F12B99-2602-4936-8F24-17EA966C5C2A}
	EndGlobalSection
EndGlobal
