
Microsoft Visual Studio Solution File, Format Version 12.00
# Visual Studio Version 17
VisualStudioVersion = 17.0.32112.339
MinimumVisualStudioVersion = 10.0.40219.1
Project("{9A19103F-16F7-4668-BE54-9A1E7A4F7556}") = "AutoCompleteUGSample.Server", "Server\AutoCompleteUGSample.Server.csproj", "{5D52EF5C-4AD5-47CD-890C-DA90989BD79D}"
EndProject
Project("{9A19103F-16F7-4668-BE54-9A1E7A4F7556}") = "AutoCompleteUGSample.Client", "Client\AutoCompleteUGSample.Client.csproj", "{BC05C2D3-B4AF-45C9-B8D0-84C78D123304}"
EndProject
Project("{9A19103F-16F7-4668-BE54-9A1E7A4F7556}") = "AutoCompleteUGSample.Shared", "Shared\AutoCompleteUGSample.Shared.csproj", "{E81C3C84-BD3B-4A31-A6D5-D515A88D23A1}"
EndProject
Global
	GlobalSection(SolutionConfigurationPlatforms) = preSolution
		Debug|Any CPU = Debug|Any CPU
		Release|Any CPU = Release|Any CPU
	EndGlobalSection
	GlobalSection(ProjectConfigurationPlatforms) = postSolution
		{5D52EF5C-4AD5-47CD-890C-DA90989BD79D}.Debug|Any CPU.ActiveCfg = Debug|Any CPU
		{5D52EF5C-4AD5-47CD-890C-DA90989BD79D}.Debug|Any CPU.Build.0 = Debug|Any CPU
		{5D52EF5C-4AD5-47CD-890C-DA90989BD79D}.Release|Any CPU.ActiveCfg = Release|Any CPU
		{5D52EF5C-4AD5-47CD-890C-DA90989BD79D}.Release|Any CPU.Build.0 = Release|Any CPU
		{BC05C2D3-B4AF-45C9-B8D0-84C78D123304}.Debug|Any CPU.ActiveCfg = Debug|Any CPU
		{BC05C2D3-B4AF-45C9-B8D0-84C78D123304}.Debug|Any CPU.Build.0 = Debug|Any CPU
		{BC05C2D3-B4AF-45C9-B8D0-84C78D123304}.Release|Any CPU.ActiveCfg = Release|Any CPU
		{BC05C2D3-B4AF-45C9-B8D0-84C78D123304}.Release|Any CPU.Build.0 = Release|Any CPU
		{E81C3C84-BD3B-4A31-A6D5-D515A88D23A1}.Debug|Any CPU.ActiveCfg = Debug|Any CPU
		{E81C3C84-BD3B-4A31-A6D5-D515A88D23A1}.Debug|Any CPU.Build.0 = Debug|Any CPU
		{E81C3C84-BD3B-4A31-A6D5-D515A88D23A1}.Release|Any CPU.ActiveCfg = Release|Any CPU
		{E81C3C84-BD3B-4A31-A6D5-D515A88D23A1}.Release|Any CPU.Build.0 = Release|Any CPU
	EndGlobalSection
	GlobalSection(SolutionProperties) = preSolution
		HideSolutionNode = FALSE
	EndGlobalSection
	GlobalSection(ExtensibilityGlobals) = postSolution
		SolutionGuid = {924F738A-53E8-4D4B-8BB1-44D664780259}
	EndGlobalSection
EndGlobal
