
Microsoft Visual Studio Solution File, Format Version 12.00
# Visual Studio Version 17
VisualStudioVersion = 17.3.32819.101
MinimumVisualStudioVersion = 10.0.40219.1
Project("{FAE04EC0-301F-11D3-BF4B-00C04F79EFBC}") = "DataManagerUGSample.Server", "Server\DataManagerUGSample.Server.csproj", "{8ED01868-8918-4695-ACC5-C56445D8E303}"
EndProject
Project("{FAE04EC0-301F-11D3-BF4B-00C04F79EFBC}") = "DataManagerUGSample.Client", "Client\DataManagerUGSample.Client.csproj", "{45E75317-CF88-45BE-8FA1-32D07A377B71}"
EndProject
Project("{FAE04EC0-301F-11D3-BF4B-00C04F79EFBC}") = "DataManagerUGSample.Shared", "Shared\DataManagerUGSample.Shared.csproj", "{951F7892-C107-432E-9CC6-F1EA4346C15E}"
EndProject
Global
	GlobalSection(SolutionConfigurationPlatforms) = preSolution
		Debug|Any CPU = Debug|Any CPU
		Release|Any CPU = Release|Any CPU
	EndGlobalSection
	GlobalSection(ProjectConfigurationPlatforms) = postSolution
		{8ED01868-8918-4695-ACC5-C56445D8E303}.Debug|Any CPU.ActiveCfg = Debug|Any CPU
		{8ED01868-8918-4695-ACC5-C56445D8E303}.Debug|Any CPU.Build.0 = Debug|Any CPU
		{8ED01868-8918-4695-ACC5-C56445D8E303}.Release|Any CPU.ActiveCfg = Release|Any CPU
		{8ED01868-8918-4695-ACC5-C56445D8E303}.Release|Any CPU.Build.0 = Release|Any CPU
		{45E75317-CF88-45BE-8FA1-32D07A377B71}.Debug|Any CPU.ActiveCfg = Debug|Any CPU
		{45E75317-CF88-45BE-8FA1-32D07A377B71}.Debug|Any CPU.Build.0 = Debug|Any CPU
		{45E75317-CF88-45BE-8FA1-32D07A377B71}.Release|Any CPU.ActiveCfg = Release|Any CPU
		{45E75317-CF88-45BE-8FA1-32D07A377B71}.Release|Any CPU.Build.0 = Release|Any CPU
		{951F7892-C107-432E-9CC6-F1EA4346C15E}.Debug|Any CPU.ActiveCfg = Debug|Any CPU
		{951F7892-C107-432E-9CC6-F1EA4346C15E}.Debug|Any CPU.Build.0 = Debug|Any CPU
		{951F7892-C107-432E-9CC6-F1EA4346C15E}.Release|Any CPU.ActiveCfg = Release|Any CPU
		{951F7892-C107-432E-9CC6-F1EA4346C15E}.Release|Any CPU.Build.0 = Release|Any CPU
	EndGlobalSection
	GlobalSection(SolutionProperties) = preSolution
		HideSolutionNode = FALSE
	EndGlobalSection
	GlobalSection(ExtensibilityGlobals) = postSolution
		SolutionGuid = {C6958B11-7F1C-43C1-9E19-E10B9B6253D7}
	EndGlobalSection
EndGlobal
