
Microsoft Visual Studio Solution File, Format Version 12.00
# Visual Studio Version 17
VisualStudioVersion = 17.14.36705.20 d17.14
MinimumVisualStudioVersion = 10.0.40219.1
Project("{FAE04EC0-301F-11D3-BF4B-00C04F79EFBC}") = "DashboardLayout_ServerApp", "DashboardLayout_ServerApp.csproj", "{F042772A-4FE6-4C2B-B89E-14987DA8E628}"
EndProject
Global
	GlobalSection(SolutionConfigurationPlatforms) = preSolution
		Debug|Any CPU = Debug|Any CPU
		Release|Any CPU = Release|Any CPU
	EndGlobalSection
	GlobalSection(ProjectConfigurationPlatforms) = postSolution
		{F042772A-4FE6-4C2B-B89E-14987DA8E628}.Debug|Any CPU.ActiveCfg = Debug|Any CPU
		{F042772A-4FE6-4C2B-B89E-14987DA8E628}.Debug|Any CPU.Build.0 = Debug|Any CPU
		{F042772A-4FE6-4C2B-B89E-14987DA8E628}.Release|Any CPU.ActiveCfg = Release|Any CPU
		{F042772A-4FE6-4C2B-B89E-14987DA8E628}.Release|Any CPU.Build.0 = Release|Any CPU
	EndGlobalSection
	GlobalSection(SolutionProperties) = preSolution
		HideSolutionNode = FALSE
	EndGlobalSection
	GlobalSection(ExtensibilityGlobals) = postSolution
		SolutionGuid = {4D2BC2F1-01D6-4B05-BCE2-9FA444ADBA44}
	EndGlobalSection
EndGlobal
