
Microsoft Visual Studio Solution File, Format Version 12.00
# Visual Studio Version 17
VisualStudioVersion = 17.14.36705.20 d17.14
MinimumVisualStudioVersion = 10.0.40219.1
Project("{FAE04EC0-301F-11D3-BF4B-00C04F79EFBC}") = "AccumulationUGSample_ServerNET8", "AccumulationUGSample_ServerNET8\AccumulationUGSample_ServerNET8.csproj", "{0A322639-B209-553B-EA99-6FD07513CCB8}"
EndProject
Global
	GlobalSection(SolutionConfigurationPlatforms) = preSolution
		Debug|Any CPU = Debug|Any CPU
		Release|Any CPU = Release|Any CPU
	EndGlobalSection
	GlobalSection(ProjectConfigurationPlatforms) = postSolution
		{0A322639-B209-553B-EA99-6FD07513CCB8}.Debug|Any CPU.ActiveCfg = Debug|Any CPU
		{0A322639-B209-553B-EA99-6FD07513CCB8}.Debug|Any CPU.Build.0 = Debug|Any CPU
		{0A322639-B209-553B-EA99-6FD07513CCB8}.Release|Any CPU.ActiveCfg = Release|Any CPU
		{0A322639-B209-553B-EA99-6FD07513CCB8}.Release|Any CPU.Build.0 = Release|Any CPU
	EndGlobalSection
	GlobalSection(SolutionProperties) = preSolution
		HideSolutionNode = FALSE
	EndGlobalSection
	GlobalSection(ExtensibilityGlobals) = postSolution
		SolutionGuid = {115EF660-376D-4E3C-90A8-BA14E9136106}
	EndGlobalSection
EndGlobal
