
Microsoft Visual Studio Solution File, Format Version 12.00
# Visual Studio Version 17
VisualStudioVersion = 17.3.32819.101
MinimumVisualStudioVersion = 10.0.40219.1
Project("{FAE04EC0-301F-11D3-BF4B-00C04F79EFBC}") = "ContextMenuUGSample.Server", "Server\ContextMenuUGSample.Server.csproj", "{73DB9889-31F8-4A52-AE2E-035B250BF68E}"
EndProject
Project("{FAE04EC0-301F-11D3-BF4B-00C04F79EFBC}") = "ContextMenuUGSample.Client", "Client\ContextMenuUGSample.Client.csproj", "{4D451442-48F0-4DC6-AFA5-5D458B322833}"
EndProject
Project("{FAE04EC0-301F-11D3-BF4B-00C04F79EFBC}") = "ContextMenuUGSample.Shared", "Shared\ContextMenuUGSample.Shared.csproj", "{3C04954B-FD54-42B1-82A4-3A680D03BE0A}"
EndProject
Global
	GlobalSection(SolutionConfigurationPlatforms) = preSolution
		Debug|Any CPU = Debug|Any CPU
		Release|Any CPU = Release|Any CPU
	EndGlobalSection
	GlobalSection(ProjectConfigurationPlatforms) = postSolution
		{73DB9889-31F8-4A52-AE2E-035B250BF68E}.Debug|Any CPU.ActiveCfg = Debug|Any CPU
		{73DB9889-31F8-4A52-AE2E-035B250BF68E}.Debug|Any CPU.Build.0 = Debug|Any CPU
		{73DB9889-31F8-4A52-AE2E-035B250BF68E}.Release|Any CPU.ActiveCfg = Release|Any CPU
		{73DB9889-31F8-4A52-AE2E-035B250BF68E}.Release|Any CPU.Build.0 = Release|Any CPU
		{4D451442-48F0-4DC6-AFA5-5D458B322833}.Debug|Any CPU.ActiveCfg = Debug|Any CPU
		{4D451442-48F0-4DC6-AFA5-5D458B322833}.Debug|Any CPU.Build.0 = Debug|Any CPU
		{4D451442-48F0-4DC6-AFA5-5D458B322833}.Release|Any CPU.ActiveCfg = Release|Any CPU
		{4D451442-48F0-4DC6-AFA5-5D458B322833}.Release|Any CPU.Build.0 = Release|Any CPU
		{3C04954B-FD54-42B1-82A4-3A680D03BE0A}.Debug|Any CPU.ActiveCfg = Debug|Any CPU
		{3C04954B-FD54-42B1-82A4-3A680D03BE0A}.Debug|Any CPU.Build.0 = Debug|Any CPU
		{3C04954B-FD54-42B1-82A4-3A680D03BE0A}.Release|Any CPU.ActiveCfg = Release|Any CPU
		{3C04954B-FD54-42B1-82A4-3A680D03BE0A}.Release|Any CPU.Build.0 = Release|Any CPU
	EndGlobalSection
	GlobalSection(SolutionProperties) = preSolution
		HideSolutionNode = FALSE
	EndGlobalSection
	GlobalSection(ExtensibilityGlobals) = postSolution
		SolutionGuid = {8033673D-ABD2-4D31-8C26-9DA46A706ADE}
	EndGlobalSection
EndGlobal
