
Microsoft Visual Studio Solution File, Format Version 12.00
# Visual Studio Version 17
VisualStudioVersion = 17.3.32819.101
MinimumVisualStudioVersion = 10.0.40219.1
Project("{FAE04EC0-301F-11D3-BF4B-00C04F79EFBC}") = "ButtonGroupUGSample.Server", "Server\ButtonGroupUGSample.Server.csproj", "{38C3040C-D708-4F53-83D7-4485FD913F2D}"
EndProject
Project("{FAE04EC0-301F-11D3-BF4B-00C04F79EFBC}") = "ButtonGroupUGSample.Client", "Client\ButtonGroupUGSample.Client.csproj", "{28BD1848-85DC-4586-A0B5-6036B7361891}"
EndProject
Project("{FAE04EC0-301F-11D3-BF4B-00C04F79EFBC}") = "ButtonGroupUGSample.Shared", "Shared\ButtonGroupUGSample.Shared.csproj", "{C377491B-2CD8-4D98-A2C9-C6A7A8F7A23D}"
EndProject
Global
	GlobalSection(SolutionConfigurationPlatforms) = preSolution
		Debug|Any CPU = Debug|Any CPU
		Release|Any CPU = Release|Any CPU
	EndGlobalSection
	GlobalSection(ProjectConfigurationPlatforms) = postSolution
		{38C3040C-D708-4F53-83D7-4485FD913F2D}.Debug|Any CPU.ActiveCfg = Debug|Any CPU
		{38C3040C-D708-4F53-83D7-4485FD913F2D}.Debug|Any CPU.Build.0 = Debug|Any CPU
		{38C3040C-D708-4F53-83D7-4485FD913F2D}.Release|Any CPU.ActiveCfg = Release|Any CPU
		{38C3040C-D708-4F53-83D7-4485FD913F2D}.Release|Any CPU.Build.0 = Release|Any CPU
		{28BD1848-85DC-4586-A0B5-6036B7361891}.Debug|Any CPU.ActiveCfg = Debug|Any CPU
		{28BD1848-85DC-4586-A0B5-6036B7361891}.Debug|Any CPU.Build.0 = Debug|Any CPU
		{28BD1848-85DC-4586-A0B5-6036B7361891}.Release|Any CPU.ActiveCfg = Release|Any CPU
		{28BD1848-85DC-4586-A0B5-6036B7361891}.Release|Any CPU.Build.0 = Release|Any CPU
		{C377491B-2CD8-4D98-A2C9-C6A7A8F7A23D}.Debug|Any CPU.ActiveCfg = Debug|Any CPU
		{C377491B-2CD8-4D98-A2C9-C6A7A8F7A23D}.Debug|Any CPU.Build.0 = Debug|Any CPU
		{C377491B-2CD8-4D98-A2C9-C6A7A8F7A23D}.Release|Any CPU.ActiveCfg = Release|Any CPU
		{C377491B-2CD8-4D98-A2C9-C6A7A8F7A23D}.Release|Any CPU.Build.0 = Release|Any CPU
	EndGlobalSection
	GlobalSection(SolutionProperties) = preSolution
		HideSolutionNode = FALSE
	EndGlobalSection
	GlobalSection(ExtensibilityGlobals) = postSolution
		SolutionGuid = {4BB76F7C-B743-4867-8C0B-982290A1F9F7}
	EndGlobalSection
EndGlobal
