
Microsoft Visual Studio Solution File, Format Version 12.00
# Visual Studio Version 17
VisualStudioVersion = 17.3.32819.101
MinimumVisualStudioVersion = 10.0.40219.1
Project("{FAE04EC0-301F-11D3-BF4B-00C04F79EFBC}") = "CardUGSample.Server", "Server\CardUGSample.Server.csproj", "{7854AE0C-2241-4599-8790-BF75FB442E61}"
EndProject
Project("{FAE04EC0-301F-11D3-BF4B-00C04F79EFBC}") = "CardUGSample.Client", "Client\CardUGSample.Client.csproj", "{50463C30-9EE2-4159-9E75-B5998E4F0157}"
EndProject
Project("{FAE04EC0-301F-11D3-BF4B-00C04F79EFBC}") = "CardUGSample.Shared", "Shared\CardUGSample.Shared.csproj", "{CF39E3AF-EE96-42AD-B54A-6DA4CBEB9BB6}"
EndProject
Global
	GlobalSection(SolutionConfigurationPlatforms) = preSolution
		Debug|Any CPU = Debug|Any CPU
		Release|Any CPU = Release|Any CPU
	EndGlobalSection
	GlobalSection(ProjectConfigurationPlatforms) = postSolution
		{7854AE0C-2241-4599-8790-BF75FB442E61}.Debug|Any CPU.ActiveCfg = Debug|Any CPU
		{7854AE0C-2241-4599-8790-BF75FB442E61}.Debug|Any CPU.Build.0 = Debug|Any CPU
		{7854AE0C-2241-4599-8790-BF75FB442E61}.Release|Any CPU.ActiveCfg = Release|Any CPU
		{7854AE0C-2241-4599-8790-BF75FB442E61}.Release|Any CPU.Build.0 = Release|Any CPU
		{50463C30-9EE2-4159-9E75-B5998E4F0157}.Debug|Any CPU.ActiveCfg = Debug|Any CPU
		{50463C30-9EE2-4159-9E75-B5998E4F0157}.Debug|Any CPU.Build.0 = Debug|Any CPU
		{50463C30-9EE2-4159-9E75-B5998E4F0157}.Release|Any CPU.ActiveCfg = Release|Any CPU
		{50463C30-9EE2-4159-9E75-B5998E4F0157}.Release|Any CPU.Build.0 = Release|Any CPU
		{CF39E3AF-EE96-42AD-B54A-6DA4CBEB9BB6}.Debug|Any CPU.ActiveCfg = Debug|Any CPU
		{CF39E3AF-EE96-42AD-B54A-6DA4CBEB9BB6}.Debug|Any CPU.Build.0 = Debug|Any CPU
		{CF39E3AF-EE96-42AD-B54A-6DA4CBEB9BB6}.Release|Any CPU.ActiveCfg = Release|Any CPU
		{CF39E3AF-EE96-42AD-B54A-6DA4CBEB9BB6}.Release|Any CPU.Build.0 = Release|Any CPU
	EndGlobalSection
	GlobalSection(SolutionProperties) = preSolution
		HideSolutionNode = FALSE
	EndGlobalSection
	GlobalSection(ExtensibilityGlobals) = postSolution
		SolutionGuid = {48E7F360-4F1B-48A8-9997-129351B07B41}
	EndGlobalSection
EndGlobal
