
Microsoft Visual Studio Solution File, Format Version 12.00
# Visual Studio Version 17
VisualStudioVersion = 17.14.36705.20 d17.14
MinimumVisualStudioVersion = 10.0.40219.1
Project("{FAE04EC0-301F-11D3-BF4B-00C04F79EFBC}") = "Card_ServerApp", "Card_ServerApp.csproj", "{D25F0F7C-831E-43F0-8DB8-61016F167E2D}"
EndProject
Global
	GlobalSection(SolutionConfigurationPlatforms) = preSolution
		Debug|Any CPU = Debug|Any CPU
		Release|Any CPU = Release|Any CPU
	EndGlobalSection
	GlobalSection(ProjectConfigurationPlatforms) = postSolution
		{D25F0F7C-831E-43F0-8DB8-61016F167E2D}.Debug|Any CPU.ActiveCfg = Debug|Any CPU
		{D25F0F7C-831E-43F0-8DB8-61016F167E2D}.Debug|Any CPU.Build.0 = Debug|Any CPU
		{D25F0F7C-831E-43F0-8DB8-61016F167E2D}.Release|Any CPU.ActiveCfg = Release|Any CPU
		{D25F0F7C-831E-43F0-8DB8-61016F167E2D}.Release|Any CPU.Build.0 = Release|Any CPU
	EndGlobalSection
	GlobalSection(SolutionProperties) = preSolution
		HideSolutionNode = FALSE
	EndGlobalSection
	GlobalSection(ExtensibilityGlobals) = postSolution
		SolutionGuid = {BB1E58C0-DD11-44C8-8834-1C37247613C2}
	EndGlobalSection
EndGlobal
