
Microsoft Visual Studio Solution File, Format Version 12.00
# Visual Studio Version 17
VisualStudioVersion = 17.14.36705.20 d17.14
MinimumVisualStudioVersion = 10.0.40219.1
Project("{FAE04EC0-301F-11D3-BF4B-00C04F79EFBC}") = "DropDownList_ServerApp", "DropDownList_ServerApp.csproj", "{5FFC2DFB-B3A5-445B-96F3-A656AAB11EE8}"
EndProject
Global
	GlobalSection(SolutionConfigurationPlatforms) = preSolution
		Debug|Any CPU = Debug|Any CPU
		Release|Any CPU = Release|Any CPU
	EndGlobalSection
	GlobalSection(ProjectConfigurationPlatforms) = postSolution
		{5FFC2DFB-B3A5-445B-96F3-A656AAB11EE8}.Debug|Any CPU.ActiveCfg = Debug|Any CPU
		{5FFC2DFB-B3A5-445B-96F3-A656AAB11EE8}.Debug|Any CPU.Build.0 = Debug|Any CPU
		{5FFC2DFB-B3A5-445B-96F3-A656AAB11EE8}.Release|Any CPU.ActiveCfg = Release|Any CPU
		{5FFC2DFB-B3A5-445B-96F3-A656AAB11EE8}.Release|Any CPU.Build.0 = Release|Any CPU
	EndGlobalSection
	GlobalSection(SolutionProperties) = preSolution
		HideSolutionNode = FALSE
	EndGlobalSection
	GlobalSection(ExtensibilityGlobals) = postSolution
		SolutionGuid = {4FB7F78D-7318-4F4C-813D-D331E145520B}
	EndGlobalSection
EndGlobal
