
Microsoft Visual Studio Solution File, Format Version 12.00
# Visual Studio Version 17
VisualStudioVersion = 17.14.36705.20 d17.14
MinimumVisualStudioVersion = 10.0.40219.1
Project("{FAE04EC0-301F-11D3-BF4B-00C04F79EFBC}") = "LinearGauge_WasmApp", "LinearGauge_WasmApp\LinearGauge_WasmApp.csproj", "{D5B08960-137E-4A61-A13D-8CEA31C88834}"
EndProject
Project("{FAE04EC0-301F-11D3-BF4B-00C04F79EFBC}") = "LinearGauge_WasmApp.Client", "LinearGauge_WasmApp.Client\LinearGauge_WasmApp.Client.csproj", "{46EE8498-A681-41F9-A6FA-00BEE210C7C7}"
EndProject
Global
	GlobalSection(SolutionConfigurationPlatforms) = preSolution
		Debug|Any CPU = Debug|Any CPU
		Release|Any CPU = Release|Any CPU
	EndGlobalSection
	GlobalSection(ProjectConfigurationPlatforms) = postSolution
		{D5B08960-137E-4A61-A13D-8CEA31C88834}.Debug|Any CPU.ActiveCfg = Debug|Any CPU
		{D5B08960-137E-4A61-A13D-8CEA31C88834}.Debug|Any CPU.Build.0 = Debug|Any CPU
		{D5B08960-137E-4A61-A13D-8CEA31C88834}.Release|Any CPU.ActiveCfg = Release|Any CPU
		{D5B08960-137E-4A61-A13D-8CEA31C88834}.Release|Any CPU.Build.0 = Release|Any CPU
		{46EE8498-A681-41F9-A6FA-00BEE210C7C7}.Debug|Any CPU.ActiveCfg = Debug|Any CPU
		{46EE8498-A681-41F9-A6FA-00BEE210C7C7}.Debug|Any CPU.Build.0 = Debug|Any CPU
		{46EE8498-A681-41F9-A6FA-00BEE210C7C7}.Release|Any CPU.ActiveCfg = Release|Any CPU
		{46EE8498-A681-41F9-A6FA-00BEE210C7C7}.Release|Any CPU.Build.0 = Release|Any CPU
	EndGlobalSection
	GlobalSection(SolutionProperties) = preSolution
		HideSolutionNode = FALSE
	EndGlobalSection
	GlobalSection(ExtensibilityGlobals) = postSolution
		SolutionGuid = {E7A7A2D9-2E03-46D6-9B45-5C6FB3D77CF9}
	EndGlobalSection
EndGlobal
