
Microsoft Visual Studio Solution File, Format Version 12.00
# Visual Studio Version 17
VisualStudioVersion = 17.14.36705.20 d17.14
MinimumVisualStudioVersion = 10.0.40219.1
Project("{FAE04EC0-301F-11D3-BF4B-00C04F79EFBC}") = "LinearGauge_ServerApp", "LinearGauge_ServerApp.csproj", "{3DFB6FFF-4C38-4509-AB51-3C4972E9A27B}"
EndProject
Global
	GlobalSection(SolutionConfigurationPlatforms) = preSolution
		Debug|Any CPU = Debug|Any CPU
		Release|Any CPU = Release|Any CPU
	EndGlobalSection
	GlobalSection(ProjectConfigurationPlatforms) = postSolution
		{3DFB6FFF-4C38-4509-AB51-3C4972E9A27B}.Debug|Any CPU.ActiveCfg = Debug|Any CPU
		{3DFB6FFF-4C38-4509-AB51-3C4972E9A27B}.Debug|Any CPU.Build.0 = Debug|Any CPU
		{3DFB6FFF-4C38-4509-AB51-3C4972E9A27B}.Release|Any CPU.ActiveCfg = Release|Any CPU
		{3DFB6FFF-4C38-4509-AB51-3C4972E9A27B}.Release|Any CPU.Build.0 = Release|Any CPU
	EndGlobalSection
	GlobalSection(SolutionProperties) = preSolution
		HideSolutionNode = FALSE
	EndGlobalSection
	GlobalSection(ExtensibilityGlobals) = postSolution
		SolutionGuid = {48ABE849-7FAE-415E-AB92-5C2274531DB8}
	EndGlobalSection
EndGlobal
