
Microsoft Visual Studio Solution File, Format Version 12.00
# Visual Studio Version 17
VisualStudioVersion = 17.8.34316.72
MinimumVisualStudioVersion = 10.0.40219.1
Project("{9A19103F-16F7-4668-BE54-9A1E7A4F7556}") = "AppBarUGSample", "AppBarUGSample\AppBarUGSample.csproj", "{A905BC4B-3891-4060-B2CA-A84CD0F61821}"
EndProject
Project("{9A19103F-16F7-4668-BE54-9A1E7A4F7556}") = "AppBarUGSample.Client", "AppBarUGSample.Client\AppBarUGSample.Client.csproj", "{C0201B02-61DC-4246-887E-3F9B3D7B1DF4}"
EndProject
Global
	GlobalSection(SolutionConfigurationPlatforms) = preSolution
		Debug|Any CPU = Debug|Any CPU
		Release|Any CPU = Release|Any CPU
	EndGlobalSection
	GlobalSection(ProjectConfigurationPlatforms) = postSolution
		{A905BC4B-3891-4060-B2CA-A84CD0F61821}.Debug|Any CPU.ActiveCfg = Debug|Any CPU
		{A905BC4B-3891-4060-B2CA-A84CD0F61821}.Debug|Any CPU.Build.0 = Debug|Any CPU
		{A905BC4B-3891-4060-B2CA-A84CD0F61821}.Release|Any CPU.ActiveCfg = Release|Any CPU
		{A905BC4B-3891-4060-B2CA-A84CD0F61821}.Release|Any CPU.Build.0 = Release|Any CPU
		{C0201B02-61DC-4246-887E-3F9B3D7B1DF4}.Debug|Any CPU.ActiveCfg = Debug|Any CPU
		{C0201B02-61DC-4246-887E-3F9B3D7B1DF4}.Debug|Any CPU.Build.0 = Debug|Any CPU
		{C0201B02-61DC-4246-887E-3F9B3D7B1DF4}.Release|Any CPU.ActiveCfg = Release|Any CPU
		{C0201B02-61DC-4246-887E-3F9B3D7B1DF4}.Release|Any CPU.Build.0 = Release|Any CPU
	EndGlobalSection
	GlobalSection(SolutionProperties) = preSolution
		HideSolutionNode = FALSE
	EndGlobalSection
	GlobalSection(ExtensibilityGlobals) = postSolution
		SolutionGuid = {B18349AA-DE4D-4954-BFC6-48D76E001943}
	EndGlobalSection
EndGlobal
