
Microsoft Visual Studio Solution File, Format Version 12.00
# Visual Studio Version 17
VisualStudioVersion = 17.3.32819.101
MinimumVisualStudioVersion = 10.0.40219.1
Project("{FAE04EC0-301F-11D3-BF4B-00C04F79EFBC}") = "ColorPickerUGSample.Server", "Server\ColorPickerUGSample.Server.csproj", "{596B0C5F-86A5-4DCE-8824-8FAF0E6221C1}"
EndProject
Project("{FAE04EC0-301F-11D3-BF4B-00C04F79EFBC}") = "ColorPickerUGSample.Client", "Client\ColorPickerUGSample.Client.csproj", "{D8865015-FC89-445E-8EC7-FC71F7C6586A}"
EndProject
Project("{FAE04EC0-301F-11D3-BF4B-00C04F79EFBC}") = "ColorPickerUGSample.Shared", "Shared\ColorPickerUGSample.Shared.csproj", "{9D9E26F6-549B-4C2E-B8FF-C87D1F81C460}"
EndProject
Global
	GlobalSection(SolutionConfigurationPlatforms) = preSolution
		Debug|Any CPU = Debug|Any CPU
		Release|Any CPU = Release|Any CPU
	EndGlobalSection
	GlobalSection(ProjectConfigurationPlatforms) = postSolution
		{596B0C5F-86A5-4DCE-8824-8FAF0E6221C1}.Debug|Any CPU.ActiveCfg = Debug|Any CPU
		{596B0C5F-86A5-4DCE-8824-8FAF0E6221C1}.Debug|Any CPU.Build.0 = Debug|Any CPU
		{596B0C5F-86A5-4DCE-8824-8FAF0E6221C1}.Release|Any CPU.ActiveCfg = Release|Any CPU
		{596B0C5F-86A5-4DCE-8824-8FAF0E6221C1}.Release|Any CPU.Build.0 = Release|Any CPU
		{D8865015-FC89-445E-8EC7-FC71F7C6586A}.Debug|Any CPU.ActiveCfg = Debug|Any CPU
		{D8865015-FC89-445E-8EC7-FC71F7C6586A}.Debug|Any CPU.Build.0 = Debug|Any CPU
		{D8865015-FC89-445E-8EC7-FC71F7C6586A}.Release|Any CPU.ActiveCfg = Release|Any CPU
		{D8865015-FC89-445E-8EC7-FC71F7C6586A}.Release|Any CPU.Build.0 = Release|Any CPU
		{9D9E26F6-549B-4C2E-B8FF-C87D1F81C460}.Debug|Any CPU.ActiveCfg = Debug|Any CPU
		{9D9E26F6-549B-4C2E-B8FF-C87D1F81C460}.Debug|Any CPU.Build.0 = Debug|Any CPU
		{9D9E26F6-549B-4C2E-B8FF-C87D1F81C460}.Release|Any CPU.ActiveCfg = Release|Any CPU
		{9D9E26F6-549B-4C2E-B8FF-C87D1F81C460}.Release|Any CPU.Build.0 = Release|Any CPU
	EndGlobalSection
	GlobalSection(SolutionProperties) = preSolution
		HideSolutionNode = FALSE
	EndGlobalSection
	GlobalSection(ExtensibilityGlobals) = postSolution
		SolutionGuid = {2FC86D4B-562A-4D07-B3DB-986F9418A85D}
	EndGlobalSection
EndGlobal
