
Microsoft Visual Studio Solution File, Format Version 12.00
# Visual Studio Version 17
VisualStudioVersion = 17.14.36705.20 d17.14
MinimumVisualStudioVersion = 10.0.40219.1
Project("{FAE04EC0-301F-11D3-BF4B-00C04F79EFBC}") = "HeatMap_WasmApp", "HeatMap_WasmApp\HeatMap_WasmApp.csproj", "{426FA823-AC64-4B4E-9B8E-2E195A68CA0A}"
EndProject
Project("{FAE04EC0-301F-11D3-BF4B-00C04F79EFBC}") = "HeatMap_WasmApp.Client", "HeatMap_WasmApp.Client\HeatMap_WasmApp.Client.csproj", "{A1D9B554-1F19-4432-B5A3-6D9F543409C6}"
EndProject
Global
	GlobalSection(SolutionConfigurationPlatforms) = preSolution
		Debug|Any CPU = Debug|Any CPU
		Release|Any CPU = Release|Any CPU
	EndGlobalSection
	GlobalSection(ProjectConfigurationPlatforms) = postSolution
		{426FA823-AC64-4B4E-9B8E-2E195A68CA0A}.Debug|Any CPU.ActiveCfg = Debug|Any CPU
		{426FA823-AC64-4B4E-9B8E-2E195A68CA0A}.Debug|Any CPU.Build.0 = Debug|Any CPU
		{426FA823-AC64-4B4E-9B8E-2E195A68CA0A}.Release|Any CPU.ActiveCfg = Release|Any CPU
		{426FA823-AC64-4B4E-9B8E-2E195A68CA0A}.Release|Any CPU.Build.0 = Release|Any CPU
		{A1D9B554-1F19-4432-B5A3-6D9F543409C6}.Debug|Any CPU.ActiveCfg = Debug|Any CPU
		{A1D9B554-1F19-4432-B5A3-6D9F543409C6}.Debug|Any CPU.Build.0 = Debug|Any CPU
		{A1D9B554-1F19-4432-B5A3-6D9F543409C6}.Release|Any CPU.ActiveCfg = Release|Any CPU
		{A1D9B554-1F19-4432-B5A3-6D9F543409C6}.Release|Any CPU.Build.0 = Release|Any CPU
	EndGlobalSection
	GlobalSection(SolutionProperties) = preSolution
		HideSolutionNode = FALSE
	EndGlobalSection
	GlobalSection(ExtensibilityGlobals) = postSolution
		SolutionGuid = {72ADB01F-E38D-403E-96C6-37FBC35327A2}
	EndGlobalSection
EndGlobal
