
Microsoft Visual Studio Solution File, Format Version 12.00
# Visual Studio Version 17
VisualStudioVersion = 17.14.36705.20 d17.14
MinimumVisualStudioVersion = 10.0.40219.1
Project("{FAE04EC0-301F-11D3-BF4B-00C04F79EFBC}") = "Toolbar_WasmApp", "Toolbar_WasmApp\Toolbar_WasmApp.csproj", "{538E558B-3D40-45DB-92D5-49DFAA303895}"
EndProject
Project("{FAE04EC0-301F-11D3-BF4B-00C04F79EFBC}") = "Toolbar_WasmApp.Client", "Toolbar_WasmApp.Client\Toolbar_WasmApp.Client.csproj", "{90BF65C5-B7CA-40DA-8D87-2508AD454E31}"
EndProject
Global
	GlobalSection(SolutionConfigurationPlatforms) = preSolution
		Debug|Any CPU = Debug|Any CPU
		Release|Any CPU = Release|Any CPU
	EndGlobalSection
	GlobalSection(ProjectConfigurationPlatforms) = postSolution
		{538E558B-3D40-45DB-92D5-49DFAA303895}.Debug|Any CPU.ActiveCfg = Debug|Any CPU
		{538E558B-3D40-45DB-92D5-49DFAA303895}.Debug|Any CPU.Build.0 = Debug|Any CPU
		{538E558B-3D40-45DB-92D5-49DFAA303895}.Release|Any CPU.ActiveCfg = Release|Any CPU
		{538E558B-3D40-45DB-92D5-49DFAA303895}.Release|Any CPU.Build.0 = Release|Any CPU
		{90BF65C5-B7CA-40DA-8D87-2508AD454E31}.Debug|Any CPU.ActiveCfg = Debug|Any CPU
		{90BF65C5-B7CA-40DA-8D87-2508AD454E31}.Debug|Any CPU.Build.0 = Debug|Any CPU
		{90BF65C5-B7CA-40DA-8D87-2508AD454E31}.Release|Any CPU.ActiveCfg = Release|Any CPU
		{90BF65C5-B7CA-40DA-8D87-2508AD454E31}.Release|Any CPU.Build.0 = Release|Any CPU
	EndGlobalSection
	GlobalSection(SolutionProperties) = preSolution
		HideSolutionNode = FALSE
	EndGlobalSection
	GlobalSection(ExtensibilityGlobals) = postSolution
		SolutionGuid = {5A850E59-2A64-49D1-9489-02BEEC5E713E}
	EndGlobalSection
EndGlobal
