
Microsoft Visual Studio Solution File, Format Version 12.00
# Visual Studio Version 18
VisualStudioVersion = 18.0.11217.181 d18.0
MinimumVisualStudioVersion = 10.0.40219.1
Project("{FAE04EC0-301F-11D3-BF4B-00C04F79EFBC}") = "AccordionUGSample_ServerNET10", "AccordionUGSample_ServerNET10\AccordionUGSample_ServerNET10.csproj", "{C4F9AE3B-DDD4-7675-0283-AF335AC7BA57}"
EndProject
Global
	GlobalSection(SolutionConfigurationPlatforms) = preSolution
		Debug|Any CPU = Debug|Any CPU
		Release|Any CPU = Release|Any CPU
	EndGlobalSection
	GlobalSection(ProjectConfigurationPlatforms) = postSolution
		{C4F9AE3B-DDD4-7675-0283-AF335AC7BA57}.Debug|Any CPU.ActiveCfg = Debug|Any CPU
		{C4F9AE3B-DDD4-7675-0283-AF335AC7BA57}.Debug|Any CPU.Build.0 = Debug|Any CPU
		{C4F9AE3B-DDD4-7675-0283-AF335AC7BA57}.Release|Any CPU.ActiveCfg = Release|Any CPU
		{C4F9AE3B-DDD4-7675-0283-AF335AC7BA57}.Release|Any CPU.Build.0 = Release|Any CPU
	EndGlobalSection
	GlobalSection(SolutionProperties) = preSolution
		HideSolutionNode = FALSE
	EndGlobalSection
	GlobalSection(ExtensibilityGlobals) = postSolution
		SolutionGuid = {28F9EED2-DA5A-4C92-A064-0B34111ABDB4}
	EndGlobalSection
EndGlobal
