
Microsoft Visual Studio Solution File, Format Version 12.00
# Visual Studio Version 17
VisualStudioVersion = 17.14.36705.20 d17.14
MinimumVisualStudioVersion = 10.0.40219.1
Project("{FAE04EC0-301F-11D3-BF4B-00C04F79EFBC}") = "Tab_ServerApp", "Tab_ServerApp.csproj", "{1ACC380B-1A36-4398-97AF-296A50D291CD}"
EndProject
Global
	GlobalSection(SolutionConfigurationPlatforms) = preSolution
		Debug|Any CPU = Debug|Any CPU
		Release|Any CPU = Release|Any CPU
	EndGlobalSection
	GlobalSection(ProjectConfigurationPlatforms) = postSolution
		{1ACC380B-1A36-4398-97AF-296A50D291CD}.Debug|Any CPU.ActiveCfg = Debug|Any CPU
		{1ACC380B-1A36-4398-97AF-296A50D291CD}.Debug|Any CPU.Build.0 = Debug|Any CPU
		{1ACC380B-1A36-4398-97AF-296A50D291CD}.Release|Any CPU.ActiveCfg = Release|Any CPU
		{1ACC380B-1A36-4398-97AF-296A50D291CD}.Release|Any CPU.Build.0 = Release|Any CPU
	EndGlobalSection
	GlobalSection(SolutionProperties) = preSolution
		HideSolutionNode = FALSE
	EndGlobalSection
	GlobalSection(ExtensibilityGlobals) = postSolution
		SolutionGuid = {5CC1AC34-A88E-44DE-993F-BC3804010AA9}
	EndGlobalSection
EndGlobal
