
Microsoft Visual Studio Solution File, Format Version 12.00
# Visual Studio Version 17
VisualStudioVersion = 17.3.32819.101
MinimumVisualStudioVersion = 10.0.40219.1
Project("{FAE04EC0-301F-11D3-BF4B-00C04F79EFBC}") = "DropDownListUGSample.Server", "Server\DropDownListUGSample.Server.csproj", "{95E87230-9E48-4920-94B1-568145EFD053}"
EndProject
Project("{FAE04EC0-301F-11D3-BF4B-00C04F79EFBC}") = "DropDownListUGSample.Client", "Client\DropDownListUGSample.Client.csproj", "{A4289037-1293-4D22-B69F-A653C0A9D493}"
EndProject
Project("{FAE04EC0-301F-11D3-BF4B-00C04F79EFBC}") = "DropDownListUGSample.Shared", "Shared\DropDownListUGSample.Shared.csproj", "{D45C85E9-034F-4362-BF09-CA87D5279CD3}"
EndProject
Global
	GlobalSection(SolutionConfigurationPlatforms) = preSolution
		Debug|Any CPU = Debug|Any CPU
		Release|Any CPU = Release|Any CPU
	EndGlobalSection
	GlobalSection(ProjectConfigurationPlatforms) = postSolution
		{95E87230-9E48-4920-94B1-568145EFD053}.Debug|Any CPU.ActiveCfg = Debug|Any CPU
		{95E87230-9E48-4920-94B1-568145EFD053}.Debug|Any CPU.Build.0 = Debug|Any CPU
		{95E87230-9E48-4920-94B1-568145EFD053}.Release|Any CPU.ActiveCfg = Release|Any CPU
		{95E87230-9E48-4920-94B1-568145EFD053}.Release|Any CPU.Build.0 = Release|Any CPU
		{A4289037-1293-4D22-B69F-A653C0A9D493}.Debug|Any CPU.ActiveCfg = Debug|Any CPU
		{A4289037-1293-4D22-B69F-A653C0A9D493}.Debug|Any CPU.Build.0 = Debug|Any CPU
		{A4289037-1293-4D22-B69F-A653C0A9D493}.Release|Any CPU.ActiveCfg = Release|Any CPU
		{A4289037-1293-4D22-B69F-A653C0A9D493}.Release|Any CPU.Build.0 = Release|Any CPU
		{D45C85E9-034F-4362-BF09-CA87D5279CD3}.Debug|Any CPU.ActiveCfg = Debug|Any CPU
		{D45C85E9-034F-4362-BF09-CA87D5279CD3}.Debug|Any CPU.Build.0 = Debug|Any CPU
		{D45C85E9-034F-4362-BF09-CA87D5279CD3}.Release|Any CPU.ActiveCfg = Release|Any CPU
		{D45C85E9-034F-4362-BF09-CA87D5279CD3}.Release|Any CPU.Build.0 = Release|Any CPU
	EndGlobalSection
	GlobalSection(SolutionProperties) = preSolution
		HideSolutionNode = FALSE
	EndGlobalSection
	GlobalSection(ExtensibilityGlobals) = postSolution
		SolutionGuid = {DC4C2C47-2CC6-46DE-85FB-688C1D81AE75}
	EndGlobalSection
EndGlobal
