
Microsoft Visual Studio Solution File, Format Version 12.00
# Visual Studio Version 17
VisualStudioVersion = 17.3.32819.101
MinimumVisualStudioVersion = 10.0.40219.1
Project("{FAE04EC0-301F-11D3-BF4B-00C04F79EFBC}") = "CarouselUGSample.Server", "Server\CarouselUGSample.Server.csproj", "{68D4AD45-D43C-4314-8D21-98005C9024E4}"
EndProject
Project("{FAE04EC0-301F-11D3-BF4B-00C04F79EFBC}") = "CarouselUGSample.Client", "Client\CarouselUGSample.Client.csproj", "{AC80AC20-A11D-4B2B-91AC-881D1DF7F447}"
EndProject
Project("{FAE04EC0-301F-11D3-BF4B-00C04F79EFBC}") = "CarouselUGSample.Shared", "Shared\CarouselUGSample.Shared.csproj", "{1C2AD5BD-32B3-405C-AC1B-5CB31B629DD5}"
EndProject
Global
	GlobalSection(SolutionConfigurationPlatforms) = preSolution
		Debug|Any CPU = Debug|Any CPU
		Release|Any CPU = Release|Any CPU
	EndGlobalSection
	GlobalSection(ProjectConfigurationPlatforms) = postSolution
		{68D4AD45-D43C-4314-8D21-98005C9024E4}.Debug|Any CPU.ActiveCfg = Debug|Any CPU
		{68D4AD45-D43C-4314-8D21-98005C9024E4}.Debug|Any CPU.Build.0 = Debug|Any CPU
		{68D4AD45-D43C-4314-8D21-98005C9024E4}.Release|Any CPU.ActiveCfg = Release|Any CPU
		{68D4AD45-D43C-4314-8D21-98005C9024E4}.Release|Any CPU.Build.0 = Release|Any CPU
		{AC80AC20-A11D-4B2B-91AC-881D1DF7F447}.Debug|Any CPU.ActiveCfg = Debug|Any CPU
		{AC80AC20-A11D-4B2B-91AC-881D1DF7F447}.Debug|Any CPU.Build.0 = Debug|Any CPU
		{AC80AC20-A11D-4B2B-91AC-881D1DF7F447}.Release|Any CPU.ActiveCfg = Release|Any CPU
		{AC80AC20-A11D-4B2B-91AC-881D1DF7F447}.Release|Any CPU.Build.0 = Release|Any CPU
		{1C2AD5BD-32B3-405C-AC1B-5CB31B629DD5}.Debug|Any CPU.ActiveCfg = Debug|Any CPU
		{1C2AD5BD-32B3-405C-AC1B-5CB31B629DD5}.Debug|Any CPU.Build.0 = Debug|Any CPU
		{1C2AD5BD-32B3-405C-AC1B-5CB31B629DD5}.Release|Any CPU.ActiveCfg = Release|Any CPU
		{1C2AD5BD-32B3-405C-AC1B-5CB31B629DD5}.Release|Any CPU.Build.0 = Release|Any CPU
	EndGlobalSection
	GlobalSection(SolutionProperties) = preSolution
		HideSolutionNode = FALSE
	EndGlobalSection
	GlobalSection(ExtensibilityGlobals) = postSolution
		SolutionGuid = {13137369-6483-4921-AB0D-FFA169D61D31}
	EndGlobalSection
EndGlobal
