
Microsoft Visual Studio Solution File, Format Version 12.00
# Visual Studio Version 17
VisualStudioVersion = 17.14.36705.20 d17.14
MinimumVisualStudioVersion = 10.0.40219.1
Project("{FAE04EC0-301F-11D3-BF4B-00C04F79EFBC}") = "ButtonGroup_WasmApp", "ButtonGroup_WasmApp\ButtonGroup_WasmApp.csproj", "{A58B9D3A-86A7-47B1-A81E-26BE836C9136}"
EndProject
Project("{FAE04EC0-301F-11D3-BF4B-00C04F79EFBC}") = "ButtonGroup_WasmApp.Client", "ButtonGroup_WasmApp.Client\ButtonGroup_WasmApp.Client.csproj", "{F3E354BA-0B13-4E33-A3CF-DF3A3AD4819E}"
EndProject
Global
	GlobalSection(SolutionConfigurationPlatforms) = preSolution
		Debug|Any CPU = Debug|Any CPU
		Release|Any CPU = Release|Any CPU
	EndGlobalSection
	GlobalSection(ProjectConfigurationPlatforms) = postSolution
		{A58B9D3A-86A7-47B1-A81E-26BE836C9136}.Debug|Any CPU.ActiveCfg = Debug|Any CPU
		{A58B9D3A-86A7-47B1-A81E-26BE836C9136}.Debug|Any CPU.Build.0 = Debug|Any CPU
		{A58B9D3A-86A7-47B1-A81E-26BE836C9136}.Release|Any CPU.ActiveCfg = Release|Any CPU
		{A58B9D3A-86A7-47B1-A81E-26BE836C9136}.Release|Any CPU.Build.0 = Release|Any CPU
		{F3E354BA-0B13-4E33-A3CF-DF3A3AD4819E}.Debug|Any CPU.ActiveCfg = Debug|Any CPU
		{F3E354BA-0B13-4E33-A3CF-DF3A3AD4819E}.Debug|Any CPU.Build.0 = Debug|Any CPU
		{F3E354BA-0B13-4E33-A3CF-DF3A3AD4819E}.Release|Any CPU.ActiveCfg = Release|Any CPU
		{F3E354BA-0B13-4E33-A3CF-DF3A3AD4819E}.Release|Any CPU.Build.0 = Release|Any CPU
	EndGlobalSection
	GlobalSection(SolutionProperties) = preSolution
		HideSolutionNode = FALSE
	EndGlobalSection
	GlobalSection(ExtensibilityGlobals) = postSolution
		SolutionGuid = {B0A26834-EC59-489B-A0E8-6ED36DDA131E}
	EndGlobalSection
EndGlobal
