
Microsoft Visual Studio Solution File, Format Version 12.00
# Visual Studio Version 17
VisualStudioVersion = 17.14.36705.20 d17.14
MinimumVisualStudioVersion = 10.0.40219.1
Project("{FAE04EC0-301F-11D3-BF4B-00C04F79EFBC}") = "Accordion_WasmApp", "Accordion_WasmApp\Accordion_WasmApp.csproj", "{68EFE0F1-ACAD-FA34-CE4B-B6BFC9F6FE5E}"
EndProject
Project("{FAE04EC0-301F-11D3-BF4B-00C04F79EFBC}") = "Accordion_WasmApp.Client", "Accordion_WasmApp.Client\Accordion_WasmApp.Client.csproj", "{F9ECA12A-2F3F-1F3D-A0EE-42B37E7A43B4}"
EndProject
Global
	GlobalSection(SolutionConfigurationPlatforms) = preSolution
		Debug|Any CPU = Debug|Any CPU
		Release|Any CPU = Release|Any CPU
	EndGlobalSection
	GlobalSection(ProjectConfigurationPlatforms) = postSolution
		{68EFE0F1-ACAD-FA34-CE4B-B6BFC9F6FE5E}.Debug|Any CPU.ActiveCfg = Debug|Any CPU
		{68EFE0F1-ACAD-FA34-CE4B-B6BFC9F6FE5E}.Debug|Any CPU.Build.0 = Debug|Any CPU
		{68EFE0F1-ACAD-FA34-CE4B-B6BFC9F6FE5E}.Release|Any CPU.ActiveCfg = Release|Any CPU
		{68EFE0F1-ACAD-FA34-CE4B-B6BFC9F6FE5E}.Release|Any CPU.Build.0 = Release|Any CPU
		{F9ECA12A-2F3F-1F3D-A0EE-42B37E7A43B4}.Debug|Any CPU.ActiveCfg = Debug|Any CPU
		{F9ECA12A-2F3F-1F3D-A0EE-42B37E7A43B4}.Debug|Any CPU.Build.0 = Debug|Any CPU
		{F9ECA12A-2F3F-1F3D-A0EE-42B37E7A43B4}.Release|Any CPU.ActiveCfg = Release|Any CPU
		{F9ECA12A-2F3F-1F3D-A0EE-42B37E7A43B4}.Release|Any CPU.Build.0 = Release|Any CPU
	EndGlobalSection
	GlobalSection(SolutionProperties) = preSolution
		HideSolutionNode = FALSE
	EndGlobalSection
	GlobalSection(ExtensibilityGlobals) = postSolution
		SolutionGuid = {CEAEE0B8-D628-479E-B990-C1B26D98CD83}
	EndGlobalSection
EndGlobal
