
Microsoft Visual Studio Solution File, Format Version 12.00
# Visual Studio Version 17
VisualStudioVersion = 17.14.36705.20 d17.14
MinimumVisualStudioVersion = 10.0.40219.1
Project("{FAE04EC0-301F-11D3-BF4B-00C04F79EFBC}") = "Kanban_ServerApp", "Kanban_ServerApp.csproj", "{7D66F160-B6C0-46EE-A4DB-520E195ADE52}"
EndProject
Global
	GlobalSection(SolutionConfigurationPlatforms) = preSolution
		Debug|Any CPU = Debug|Any CPU
		Release|Any CPU = Release|Any CPU
	EndGlobalSection
	GlobalSection(ProjectConfigurationPlatforms) = postSolution
		{7D66F160-B6C0-46EE-A4DB-520E195ADE52}.Debug|Any CPU.ActiveCfg = Debug|Any CPU
		{7D66F160-B6C0-46EE-A4DB-520E195ADE52}.Debug|Any CPU.Build.0 = Debug|Any CPU
		{7D66F160-B6C0-46EE-A4DB-520E195ADE52}.Release|Any CPU.ActiveCfg = Release|Any CPU
		{7D66F160-B6C0-46EE-A4DB-520E195ADE52}.Release|Any CPU.Build.0 = Release|Any CPU
	EndGlobalSection
	GlobalSection(SolutionProperties) = preSolution
		HideSolutionNode = FALSE
	EndGlobalSection
	GlobalSection(ExtensibilityGlobals) = postSolution
		SolutionGuid = {F9321420-EBE6-4295-90C8-79C78D1B1303}
	EndGlobalSection
EndGlobal
