
Microsoft Visual Studio Solution File, Format Version 12.00
# Visual Studio Version 17
VisualStudioVersion = 17.3.32819.101
MinimumVisualStudioVersion = 10.0.40219.1
Project("{FAE04EC0-301F-11D3-BF4B-00C04F79EFBC}") = "DatePickerUGSample.Server", "Server\DatePickerUGSample.Server.csproj", "{450A9E31-D40C-47C1-8C92-EE49A59B02B0}"
EndProject
Project("{FAE04EC0-301F-11D3-BF4B-00C04F79EFBC}") = "DatePickerUGSample.Client", "Client\DatePickerUGSample.Client.csproj", "{D947233C-E895-4A4E-AB04-E6420B2371EF}"
EndProject
Project("{FAE04EC0-301F-11D3-BF4B-00C04F79EFBC}") = "DatePickerUGSample.Shared", "Shared\DatePickerUGSample.Shared.csproj", "{AF27427B-189B-48EC-B60A-E565D44113FC}"
EndProject
Global
	GlobalSection(SolutionConfigurationPlatforms) = preSolution
		Debug|Any CPU = Debug|Any CPU
		Release|Any CPU = Release|Any CPU
	EndGlobalSection
	GlobalSection(ProjectConfigurationPlatforms) = postSolution
		{450A9E31-D40C-47C1-8C92-EE49A59B02B0}.Debug|Any CPU.ActiveCfg = Debug|Any CPU
		{450A9E31-D40C-47C1-8C92-EE49A59B02B0}.Debug|Any CPU.Build.0 = Debug|Any CPU
		{450A9E31-D40C-47C1-8C92-EE49A59B02B0}.Release|Any CPU.ActiveCfg = Release|Any CPU
		{450A9E31-D40C-47C1-8C92-EE49A59B02B0}.Release|Any CPU.Build.0 = Release|Any CPU
		{D947233C-E895-4A4E-AB04-E6420B2371EF}.Debug|Any CPU.ActiveCfg = Debug|Any CPU
		{D947233C-E895-4A4E-AB04-E6420B2371EF}.Debug|Any CPU.Build.0 = Debug|Any CPU
		{D947233C-E895-4A4E-AB04-E6420B2371EF}.Release|Any CPU.ActiveCfg = Release|Any CPU
		{D947233C-E895-4A4E-AB04-E6420B2371EF}.Release|Any CPU.Build.0 = Release|Any CPU
		{AF27427B-189B-48EC-B60A-E565D44113FC}.Debug|Any CPU.ActiveCfg = Debug|Any CPU
		{AF27427B-189B-48EC-B60A-E565D44113FC}.Debug|Any CPU.Build.0 = Debug|Any CPU
		{AF27427B-189B-48EC-B60A-E565D44113FC}.Release|Any CPU.ActiveCfg = Release|Any CPU
		{AF27427B-189B-48EC-B60A-E565D44113FC}.Release|Any CPU.Build.0 = Release|Any CPU
	EndGlobalSection
	GlobalSection(SolutionProperties) = preSolution
		HideSolutionNode = FALSE
	EndGlobalSection
	GlobalSection(ExtensibilityGlobals) = postSolution
		SolutionGuid = {6F33D106-277F-48BF-89AD-10D216269983}
	EndGlobalSection
EndGlobal
