
Microsoft Visual Studio Solution File, Format Version 12.00
# Visual Studio Version 17
VisualStudioVersion = 17.3.32819.101
MinimumVisualStudioVersion = 10.0.40219.1
Project("{FAE04EC0-301F-11D3-BF4B-00C04F79EFBC}") = "HeatMapUGSample.Server", "Server\HeatMapUGSample.Server.csproj", "{DC3F1898-129D-4B90-AA07-A2E062029CBF}"
EndProject
Project("{FAE04EC0-301F-11D3-BF4B-00C04F79EFBC}") = "HeatMapUGSample.Client", "Client\HeatMapUGSample.Client.csproj", "{A8975CAB-B5AD-40AE-81A2-A0D6B76E1058}"
EndProject
Project("{FAE04EC0-301F-11D3-BF4B-00C04F79EFBC}") = "HeatMapUGSample.Shared", "Shared\HeatMapUGSample.Shared.csproj", "{2914A099-7800-4395-AA5D-1886EE2C73D2}"
EndProject
Global
	GlobalSection(SolutionConfigurationPlatforms) = preSolution
		Debug|Any CPU = Debug|Any CPU
		Release|Any CPU = Release|Any CPU
	EndGlobalSection
	GlobalSection(ProjectConfigurationPlatforms) = postSolution
		{DC3F1898-129D-4B90-AA07-A2E062029CBF}.Debug|Any CPU.ActiveCfg = Debug|Any CPU
		{DC3F1898-129D-4B90-AA07-A2E062029CBF}.Debug|Any CPU.Build.0 = Debug|Any CPU
		{DC3F1898-129D-4B90-AA07-A2E062029CBF}.Release|Any CPU.ActiveCfg = Release|Any CPU
		{DC3F1898-129D-4B90-AA07-A2E062029CBF}.Release|Any CPU.Build.0 = Release|Any CPU
		{A8975CAB-B5AD-40AE-81A2-A0D6B76E1058}.Debug|Any CPU.ActiveCfg = Debug|Any CPU
		{A8975CAB-B5AD-40AE-81A2-A0D6B76E1058}.Debug|Any CPU.Build.0 = Debug|Any CPU
		{A8975CAB-B5AD-40AE-81A2-A0D6B76E1058}.Release|Any CPU.ActiveCfg = Release|Any CPU
		{A8975CAB-B5AD-40AE-81A2-A0D6B76E1058}.Release|Any CPU.Build.0 = Release|Any CPU
		{2914A099-7800-4395-AA5D-1886EE2C73D2}.Debug|Any CPU.ActiveCfg = Debug|Any CPU
		{2914A099-7800-4395-AA5D-1886EE2C73D2}.Debug|Any CPU.Build.0 = Debug|Any CPU
		{2914A099-7800-4395-AA5D-1886EE2C73D2}.Release|Any CPU.ActiveCfg = Release|Any CPU
		{2914A099-7800-4395-AA5D-1886EE2C73D2}.Release|Any CPU.Build.0 = Release|Any CPU
	EndGlobalSection
	GlobalSection(SolutionProperties) = preSolution
		HideSolutionNode = FALSE
	EndGlobalSection
	GlobalSection(ExtensibilityGlobals) = postSolution
		SolutionGuid = {5E64E1AE-0C8E-4641-A1E9-23867189AC47}
	EndGlobalSection
EndGlobal
