
Microsoft Visual Studio Solution File, Format Version 12.00
# Visual Studio Version 17
VisualStudioVersion = 17.3.32819.101
MinimumVisualStudioVersion = 10.0.40219.1
Project("{9A19103F-16F7-4668-BE54-9A1E7A4F7556}") = "PreDefinedDialogSample.Server", "Server\PreDefinedDialogSample.Server.csproj", "{8E4F8377-6A6A-47B1-830A-0EC043903987}"
EndProject
Project("{9A19103F-16F7-4668-BE54-9A1E7A4F7556}") = "PreDefinedDialogSample.Client", "Client\PreDefinedDialogSample.Client.csproj", "{148CFF0B-6C8B-4DCD-93A0-127FC47E7245}"
EndProject
Project("{9A19103F-16F7-4668-BE54-9A1E7A4F7556}") = "PreDefinedDialogSample.Shared", "Shared\PreDefinedDialogSample.Shared.csproj", "{E3AD661E-B618-4A39-9F5F-4CB99C1B6568}"
EndProject
Global
	GlobalSection(SolutionConfigurationPlatforms) = preSolution
		Debug|Any CPU = Debug|Any CPU
		Release|Any CPU = Release|Any CPU
	EndGlobalSection
	GlobalSection(ProjectConfigurationPlatforms) = postSolution
		{8E4F8377-6A6A-47B1-830A-0EC043903987}.Debug|Any CPU.ActiveCfg = Debug|Any CPU
		{8E4F8377-6A6A-47B1-830A-0EC043903987}.Debug|Any CPU.Build.0 = Debug|Any CPU
		{8E4F8377-6A6A-47B1-830A-0EC043903987}.Release|Any CPU.ActiveCfg = Release|Any CPU
		{8E4F8377-6A6A-47B1-830A-0EC043903987}.Release|Any CPU.Build.0 = Release|Any CPU
		{148CFF0B-6C8B-4DCD-93A0-127FC47E7245}.Debug|Any CPU.ActiveCfg = Debug|Any CPU
		{148CFF0B-6C8B-4DCD-93A0-127FC47E7245}.Debug|Any CPU.Build.0 = Debug|Any CPU
		{148CFF0B-6C8B-4DCD-93A0-127FC47E7245}.Release|Any CPU.ActiveCfg = Release|Any CPU
		{148CFF0B-6C8B-4DCD-93A0-127FC47E7245}.Release|Any CPU.Build.0 = Release|Any CPU
		{E3AD661E-B618-4A39-9F5F-4CB99C1B6568}.Debug|Any CPU.ActiveCfg = Debug|Any CPU
		{E3AD661E-B618-4A39-9F5F-4CB99C1B6568}.Debug|Any CPU.Build.0 = Debug|Any CPU
		{E3AD661E-B618-4A39-9F5F-4CB99C1B6568}.Release|Any CPU.ActiveCfg = Release|Any CPU
		{E3AD661E-B618-4A39-9F5F-4CB99C1B6568}.Release|Any CPU.Build.0 = Release|Any CPU
	EndGlobalSection
	GlobalSection(SolutionProperties) = preSolution
		HideSolutionNode = FALSE
	EndGlobalSection
	GlobalSection(ExtensibilityGlobals) = postSolution
		SolutionGuid = {CC5925D9-90C7-4A63-82EA-4F2344832874}
	EndGlobalSection
EndGlobal
