Microsoft Visual Studio Solution File, Format Version 12.00
# Visual Studio Version 17
VisualStudioVersion = 17.5.2.0
MinimumVisualStudioVersion = 10.0.40219.1
Project("{FAE04EC0-301F-11D3-BF4B-00C04F79EFBC}") = "WasmApp", "WasmApp\WasmApp.csproj", "{8D33489C-A5CA-1208-D726-BA54AF17D58C}"
EndProject
Project("{FAE04EC0-301F-11D3-BF4B-00C04F79EFBC}") = "WasmApp.Client", "WasmApp.Client\WasmApp.Client.csproj", "{B68ECF70-D58C-80C3-C009-9191401BC71E}"
EndProject
Global
	GlobalSection(SolutionConfigurationPlatforms) = preSolution
		Debug|Any CPU = Debug|Any CPU
		Release|Any CPU = Release|Any CPU
	EndGlobalSection
	GlobalSection(ProjectConfigurationPlatforms) = postSolution
		{8D33489C-A5CA-1208-D726-BA54AF17D58C}.Debug|Any CPU.ActiveCfg = Debug|Any CPU
		{8D33489C-A5CA-1208-D726-BA54AF17D58C}.Debug|Any CPU.Build.0 = Debug|Any CPU
		{8D33489C-A5CA-1208-D726-BA54AF17D58C}.Release|Any CPU.ActiveCfg = Release|Any CPU
		{8D33489C-A5CA-1208-D726-BA54AF17D58C}.Release|Any CPU.Build.0 = Release|Any CPU
		{B68ECF70-D58C-80C3-C009-9191401BC71E}.Debug|Any CPU.ActiveCfg = Debug|Any CPU
		{B68ECF70-D58C-80C3-C009-9191401BC71E}.Debug|Any CPU.Build.0 = Debug|Any CPU
		{B68ECF70-D58C-80C3-C009-9191401BC71E}.Release|Any CPU.ActiveCfg = Release|Any CPU
		{B68ECF70-D58C-80C3-C009-9191401BC71E}.Release|Any CPU.Build.0 = Release|Any CPU
	EndGlobalSection
	GlobalSection(SolutionProperties) = preSolution
		HideSolutionNode = FALSE
	EndGlobalSection
	GlobalSection(ExtensibilityGlobals) = postSolution
		SolutionGuid = {7B8906EC-757E-470C-B453-5DBFBB6966BB}
	EndGlobalSection
EndGlobal
