
Microsoft Visual Studio Solution File, Format Version 12.00
# Visual Studio Version 17
VisualStudioVersion = 17.0.32112.339
MinimumVisualStudioVersion = 10.0.40219.1
Project("{9A19103F-16F7-4668-BE54-9A1E7A4F7556}") = "AccumulationUGSample.Server", "Server\AccumulationUGSample.Server.csproj", "{8BE38691-4868-4426-AD8C-FF6EC3ED9F29}"
EndProject
Project("{9A19103F-16F7-4668-BE54-9A1E7A4F7556}") = "AccumulationUGSample.Client", "Client\AccumulationUGSample.Client.csproj", "{EB81B004-EFFA-42A4-88A3-419B429A3F4E}"
EndProject
Project("{9A19103F-16F7-4668-BE54-9A1E7A4F7556}") = "AccumulationUGSample.Shared", "Shared\AccumulationUGSample.Shared.csproj", "{AC796684-59F2-49E9-B8F8-539501655A31}"
EndProject
Global
	GlobalSection(SolutionConfigurationPlatforms) = preSolution
		Debug|Any CPU = Debug|Any CPU
		Release|Any CPU = Release|Any CPU
	EndGlobalSection
	GlobalSection(ProjectConfigurationPlatforms) = postSolution
		{8BE38691-4868-4426-AD8C-FF6EC3ED9F29}.Debug|Any CPU.ActiveCfg = Debug|Any CPU
		{8BE38691-4868-4426-AD8C-FF6EC3ED9F29}.Debug|Any CPU.Build.0 = Debug|Any CPU
		{8BE38691-4868-4426-AD8C-FF6EC3ED9F29}.Release|Any CPU.ActiveCfg = Release|Any CPU
		{8BE38691-4868-4426-AD8C-FF6EC3ED9F29}.Release|Any CPU.Build.0 = Release|Any CPU
		{EB81B004-EFFA-42A4-88A3-419B429A3F4E}.Debug|Any CPU.ActiveCfg = Debug|Any CPU
		{EB81B004-EFFA-42A4-88A3-419B429A3F4E}.Debug|Any CPU.Build.0 = Debug|Any CPU
		{EB81B004-EFFA-42A4-88A3-419B429A3F4E}.Release|Any CPU.ActiveCfg = Release|Any CPU
		{EB81B004-EFFA-42A4-88A3-419B429A3F4E}.Release|Any CPU.Build.0 = Release|Any CPU
		{AC796684-59F2-49E9-B8F8-539501655A31}.Debug|Any CPU.ActiveCfg = Debug|Any CPU
		{AC796684-59F2-49E9-B8F8-539501655A31}.Debug|Any CPU.Build.0 = Debug|Any CPU
		{AC796684-59F2-49E9-B8F8-539501655A31}.Release|Any CPU.ActiveCfg = Release|Any CPU
		{AC796684-59F2-49E9-B8F8-539501655A31}.Release|Any CPU.Build.0 = Release|Any CPU
	EndGlobalSection
	GlobalSection(SolutionProperties) = preSolution
		HideSolutionNode = FALSE
	EndGlobalSection
	GlobalSection(ExtensibilityGlobals) = postSolution
		SolutionGuid = {2DC8324C-E5E4-4733-B721-A6647778D59D}
	EndGlobalSection
EndGlobal
