
Microsoft Visual Studio Solution File, Format Version 12.00
# Visual Studio Version 17
VisualStudioVersion = 17.3.32819.101
MinimumVisualStudioVersion = 10.0.40219.1
Project("{9A19103F-16F7-4668-BE54-9A1E7A4F7556}") = "ListBoxUGSample.Server", "Server\ListBoxUGSample.Server.csproj", "{BBFEC84A-2652-42C4-9F1D-2A01A9FE3A2D}"
EndProject
Project("{9A19103F-16F7-4668-BE54-9A1E7A4F7556}") = "ListBoxUGSample.Client", "Client\ListBoxUGSample.Client.csproj", "{FA67BA4C-9960-4654-AA38-81EFBBCD0E90}"
EndProject
Project("{9A19103F-16F7-4668-BE54-9A1E7A4F7556}") = "ListBoxUGSample.Shared", "Shared\ListBoxUGSample.Shared.csproj", "{507C41FC-AF46-472F-9DBF-E4825B11F651}"
EndProject
Global
	GlobalSection(SolutionConfigurationPlatforms) = preSolution
		Debug|Any CPU = Debug|Any CPU
		Release|Any CPU = Release|Any CPU
	EndGlobalSection
	GlobalSection(ProjectConfigurationPlatforms) = postSolution
		{BBFEC84A-2652-42C4-9F1D-2A01A9FE3A2D}.Debug|Any CPU.ActiveCfg = Debug|Any CPU
		{BBFEC84A-2652-42C4-9F1D-2A01A9FE3A2D}.Debug|Any CPU.Build.0 = Debug|Any CPU
		{BBFEC84A-2652-42C4-9F1D-2A01A9FE3A2D}.Release|Any CPU.ActiveCfg = Release|Any CPU
		{BBFEC84A-2652-42C4-9F1D-2A01A9FE3A2D}.Release|Any CPU.Build.0 = Release|Any CPU
		{FA67BA4C-9960-4654-AA38-81EFBBCD0E90}.Debug|Any CPU.ActiveCfg = Debug|Any CPU
		{FA67BA4C-9960-4654-AA38-81EFBBCD0E90}.Debug|Any CPU.Build.0 = Debug|Any CPU
		{FA67BA4C-9960-4654-AA38-81EFBBCD0E90}.Release|Any CPU.ActiveCfg = Release|Any CPU
		{FA67BA4C-9960-4654-AA38-81EFBBCD0E90}.Release|Any CPU.Build.0 = Release|Any CPU
		{507C41FC-AF46-472F-9DBF-E4825B11F651}.Debug|Any CPU.ActiveCfg = Debug|Any CPU
		{507C41FC-AF46-472F-9DBF-E4825B11F651}.Debug|Any CPU.Build.0 = Debug|Any CPU
		{507C41FC-AF46-472F-9DBF-E4825B11F651}.Release|Any CPU.ActiveCfg = Release|Any CPU
		{507C41FC-AF46-472F-9DBF-E4825B11F651}.Release|Any CPU.Build.0 = Release|Any CPU
	EndGlobalSection
	GlobalSection(SolutionProperties) = preSolution
		HideSolutionNode = FALSE
	EndGlobalSection
	GlobalSection(ExtensibilityGlobals) = postSolution
		SolutionGuid = {79089881-7CF1-49B6-85EC-65A3901F2628}
	EndGlobalSection
EndGlobal
