
Microsoft Visual Studio Solution File, Format Version 12.00
# Visual Studio Version 17
VisualStudioVersion = 17.14.36705.20 d17.14
MinimumVisualStudioVersion = 10.0.40219.1
Project("{FAE04EC0-301F-11D3-BF4B-00C04F79EFBC}") = "PreDefinedDialog_ServerApp", "PreDefinedDialog_ServerApp.csproj", "{6776B50D-7EB1-4C97-BD1B-AFF4FE97FBF2}"
EndProject
Global
	GlobalSection(SolutionConfigurationPlatforms) = preSolution
		Debug|Any CPU = Debug|Any CPU
		Release|Any CPU = Release|Any CPU
	EndGlobalSection
	GlobalSection(ProjectConfigurationPlatforms) = postSolution
		{6776B50D-7EB1-4C97-BD1B-AFF4FE97FBF2}.Debug|Any CPU.ActiveCfg = Debug|Any CPU
		{6776B50D-7EB1-4C97-BD1B-AFF4FE97FBF2}.Debug|Any CPU.Build.0 = Debug|Any CPU
		{6776B50D-7EB1-4C97-BD1B-AFF4FE97FBF2}.Release|Any CPU.ActiveCfg = Release|Any CPU
		{6776B50D-7EB1-4C97-BD1B-AFF4FE97FBF2}.Release|Any CPU.Build.0 = Release|Any CPU
	EndGlobalSection
	GlobalSection(SolutionProperties) = preSolution
		HideSolutionNode = FALSE
	EndGlobalSection
	GlobalSection(ExtensibilityGlobals) = postSolution
		SolutionGuid = {D05B3C94-7C24-4BA4-901D-A479E37B5DA2}
	EndGlobalSection
EndGlobal
